// !$*UTF8*$!
{
	archiveVersion = 1;
	classes = {
	};
	objectVersion = 42;
	objects = {

/* Begin PBXBuildFile section */
		0b2e55fee13134ce9b57d3bffd6d5dab /* ofxCvShortImage.cpp in Sources */ = {isa = PBXBuildFile; fileRef = 8a4dd23693dfab8ec05faa5d62c49d8c /* ofxCvShortImage.cpp */; };
		119F52F314B371DD00FE1C92 /* ofxLeastSquares.cpp in Sources */ = {isa = PBXBuildFile; fileRef = 119F52F114B371DD00FE1C92 /* ofxLeastSquares.cpp */; };
		134078e8f8f4f24368b31f26166fec03 /* ofxCvGrayscaleImage.cpp in Sources */ = {isa = PBXBuildFile; fileRef = 057122a817d12571f8c0c7a4d522b879 /* ofxCvGrayscaleImage.cpp */; };
		259da76c028adaa20996723e102a6ccd /* ofxCvColorImage.cpp in Sources */ = {isa = PBXBuildFile; fileRef = ce9c7160245b19131dae61282ee6cb53 /* ofxCvColorImage.cpp */; };
		7829c785a0dd56718cb46bcc3b066ff1 /* ofxCvHaarFinder.cpp in Sources */ = {isa = PBXBuildFile; fileRef = 9a16cbf2e8cfe43af54fe6f55efbf8a4 /* ofxCvHaarFinder.cpp */; };
		BBAB23CB13894F3D00AA2426 /* GLUT.framework in CopyFiles */ = {isa = PBXBuildFile; fileRef = BBAB23BE13894E4700AA2426 /* GLUT.framework */; };
		E2338C13147A5D2600173D89 /* ofxControlPanel.cpp in Sources */ = {isa = PBXBuildFile; fileRef = E2338BD7147A5D2600173D89 /* ofxControlPanel.cpp */; };
		E2338C2A147A5DB600173D89 /* tinyxml.cpp in Sources */ = {isa = PBXBuildFile; fileRef = E2338C23147A5DB600173D89 /* tinyxml.cpp */; };
		E2338C2B147A5DB600173D89 /* tinyxmlerror.cpp in Sources */ = {isa = PBXBuildFile; fileRef = E2338C25147A5DB600173D89 /* tinyxmlerror.cpp */; };
		E2338C2C147A5DB600173D89 /* tinyxmlparser.cpp in Sources */ = {isa = PBXBuildFile; fileRef = E2338C26147A5DB600173D89 /* tinyxmlparser.cpp */; };
		E2338C2D147A5DB600173D89 /* ofxXmlSettings.cpp in Sources */ = {isa = PBXBuildFile; fileRef = E2338C28147A5DB600173D89 /* ofxXmlSettings.cpp */; };
		E271ED8714B69272006C4795 /* eyeOsc.cpp in Sources */ = {isa = PBXBuildFile; fileRef = E271ED8614B69272006C4795 /* eyeOsc.cpp */; };
		E28FC7EA14B397EB00C62C04 /* buttonRect.cpp in Sources */ = {isa = PBXBuildFile; fileRef = E28FC7A514B397EB00C62C04 /* buttonRect.cpp */; };
		E28FC7EB14B397EB00C62C04 /* buttonStateManager.cpp in Sources */ = {isa = PBXBuildFile; fileRef = E28FC7A814B397EB00C62C04 /* buttonStateManager.cpp */; };
		E28FC7EC14B397EB00C62C04 /* buttonToggle.cpp in Sources */ = {isa = PBXBuildFile; fileRef = E28FC7AA14B397EB00C62C04 /* buttonToggle.cpp */; };
		E28FC7ED14B397EB00C62C04 /* buttonTrigger.cpp in Sources */ = {isa = PBXBuildFile; fileRef = E28FC7AC14B397EB00C62C04 /* buttonTrigger.cpp */; };
		E28FC7EE14B397EB00C62C04 /* baseScene.cpp in Sources */ = {isa = PBXBuildFile; fileRef = E28FC7AF14B397EB00C62C04 /* baseScene.cpp */; };
		E28FC7EF14B397EB00C62C04 /* drawingScene.cpp in Sources */ = {isa = PBXBuildFile; fileRef = E28FC7B314B397EB00C62C04 /* drawingScene.cpp */; };
		E28FC7F014B397EB00C62C04 /* manipulationScene.cpp in Sources */ = {isa = PBXBuildFile; fileRef = E28FC7B514B397EB00C62C04 /* manipulationScene.cpp */; };
		E28FC7F114B397EB00C62C04 /* groupCollection.cpp in Sources */ = {isa = PBXBuildFile; fileRef = E28FC7B814B397EB00C62C04 /* groupCollection.cpp */; };
		E28FC7F214B397EB00C62C04 /* stroke.cpp in Sources */ = {isa = PBXBuildFile; fileRef = E28FC7BA14B397EB00C62C04 /* stroke.cpp */; };
		E28FC7F314B397EB00C62C04 /* strokeGroup.cpp in Sources */ = {isa = PBXBuildFile; fileRef = E28FC7BC14B397EB00C62C04 /* strokeGroup.cpp */; };
		E28FC7F414B397EB00C62C04 /* strokePoint.cpp in Sources */ = {isa = PBXBuildFile; fileRef = E28FC7BE14B397EB00C62C04 /* strokePoint.cpp */; };
		E28FC7F514B397EB00C62C04 /* strokeThumbnails.cpp in Sources */ = {isa = PBXBuildFile; fileRef = E28FC7C014B397EB00C62C04 /* strokeThumbnails.cpp */; };
		E28FC7F614B397EB00C62C04 /* strokeUtils.cpp in Sources */ = {isa = PBXBuildFile; fileRef = E28FC7C214B397EB00C62C04 /* strokeUtils.cpp */; };
		E28FC7F714B397EB00C62C04 /* styleScene.cpp in Sources */ = {isa = PBXBuildFile; fileRef = E28FC7C414B397EB00C62C04 /* styleScene.cpp */; };
		E28FC7F814B397EB00C62C04 /* colorChooser.cpp in Sources */ = {isa = PBXBuildFile; fileRef = E28FC7C714B397EB00C62C04 /* colorChooser.cpp */; };
		E28FC7F914B397EB00C62C04 /* groupStyle.cpp in Sources */ = {isa = PBXBuildFile; fileRef = E28FC7C914B397EB00C62C04 /* groupStyle.cpp */; };
		E28FC7FA14B397EB00C62C04 /* renderManager.cpp in Sources */ = {isa = PBXBuildFile; fileRef = E28FC7CB14B397EB00C62C04 /* renderManager.cpp */; };
		E28FC7FB14B397EB00C62C04 /* eyePlotterTestApp.cpp in Sources */ = {isa = PBXBuildFile; fileRef = E28FC7CD14B397EB00C62C04 /* eyePlotterTestApp.cpp */; };
		E28FC7FC14B397EB00C62C04 /* pongScene.cpp in Sources */ = {isa = PBXBuildFile; fileRef = E28FC7CF14B397EB00C62C04 /* pongScene.cpp */; };
		E28FC7FD14B397EB00C62C04 /* saverScene.cpp in Sources */ = {isa = PBXBuildFile; fileRef = E28FC7D114B397EB00C62C04 /* saverScene.cpp */; };
		E28FC7FE14B397EB00C62C04 /* speak.m in Sources */ = {isa = PBXBuildFile; fileRef = E28FC7D414B397EB00C62C04 /* speak.m */; };
		E28FC7FF14B397EB00C62C04 /* typingScene.cpp in Sources */ = {isa = PBXBuildFile; fileRef = E28FC7D514B397EB00C62C04 /* typingScene.cpp */; };
		E28FC80014B397EB00C62C04 /* calibrationFileSaver.cpp in Sources */ = {isa = PBXBuildFile; fileRef = E28FC7D914B397EB00C62C04 /* calibrationFileSaver.cpp */; };
		E28FC80114B397EB00C62C04 /* calibrationManager.cpp in Sources */ = {isa = PBXBuildFile; fileRef = E28FC7DB14B397EB00C62C04 /* calibrationManager.cpp */; };
		E28FC80214B397EB00C62C04 /* calibrationManager_controlPanel.cpp in Sources */ = {isa = PBXBuildFile; fileRef = E28FC7DD14B397EB00C62C04 /* calibrationManager_controlPanel.cpp */; };
		E28FC80314B397EB00C62C04 /* pointFitter.cpp in Sources */ = {isa = PBXBuildFile; fileRef = E28FC7DE14B397EB00C62C04 /* pointFitter.cpp */; };
		E28FC80414B397EB00C62C04 /* eyeTracker.cpp in Sources */ = {isa = PBXBuildFile; fileRef = E28FC7E014B397EB00C62C04 /* eyeTracker.cpp */; };
		E28FC80514B397EB00C62C04 /* FitEllipse.cpp in Sources */ = {isa = PBXBuildFile; fileRef = E28FC7E214B397EB00C62C04 /* FitEllipse.cpp */; };
		E28FC80614B397EB00C62C04 /* inputManager.cpp in Sources */ = {isa = PBXBuildFile; fileRef = E28FC7E414B397EB00C62C04 /* inputManager.cpp */; };
		E28FC80714B397EB00C62C04 /* ofxCvGrayscaleAdvanced.cpp in Sources */ = {isa = PBXBuildFile; fileRef = E28FC7E614B397EB00C62C04 /* ofxCvGrayscaleAdvanced.cpp */; };
		E28FC80814B397EB00C62C04 /* trackingManager.cpp in Sources */ = {isa = PBXBuildFile; fileRef = E28FC7E814B397EB00C62C04 /* trackingManager.cpp */; };
		E2AC662314B76B6700E65D0D /* testingScene.cpp in Sources */ = {isa = PBXBuildFile; fileRef = E2AC662214B76B6700E65D0D /* testingScene.cpp */; };
		E4328149138ABC9F0047C5CB /* openFrameworksDebug.a in Frameworks */ = {isa = PBXBuildFile; fileRef = E4328148138ABC890047C5CB /* openFrameworksDebug.a */; };
		E45BE97B0E8CC7DD009D7055 /* AGL.framework in Frameworks */ = {isa = PBXBuildFile; fileRef = E45BE9710E8CC7DD009D7055 /* AGL.framework */; };
		E45BE97C0E8CC7DD009D7055 /* ApplicationServices.framework in Frameworks */ = {isa = PBXBuildFile; fileRef = E45BE9720E8CC7DD009D7055 /* ApplicationServices.framework */; };
		E45BE97D0E8CC7DD009D7055 /* AudioToolbox.framework in Frameworks */ = {isa = PBXBuildFile; fileRef = E45BE9730E8CC7DD009D7055 /* AudioToolbox.framework */; };
		E45BE97E0E8CC7DD009D7055 /* Carbon.framework in Frameworks */ = {isa = PBXBuildFile; fileRef = E45BE9740E8CC7DD009D7055 /* Carbon.framework */; };
		E45BE97F0E8CC7DD009D7055 /* CoreAudio.framework in Frameworks */ = {isa = PBXBuildFile; fileRef = E45BE9750E8CC7DD009D7055 /* CoreAudio.framework */; };
		E45BE9800E8CC7DD009D7055 /* CoreFoundation.framework in Frameworks */ = {isa = PBXBuildFile; fileRef = E45BE9760E8CC7DD009D7055 /* CoreFoundation.framework */; };
		E45BE9810E8CC7DD009D7055 /* CoreServices.framework in Frameworks */ = {isa = PBXBuildFile; fileRef = E45BE9770E8CC7DD009D7055 /* CoreServices.framework */; };
		E45BE9830E8CC7DD009D7055 /* OpenGL.framework in Frameworks */ = {isa = PBXBuildFile; fileRef = E45BE9790E8CC7DD009D7055 /* OpenGL.framework */; };
		E45BE9840E8CC7DD009D7055 /* QuickTime.framework in Frameworks */ = {isa = PBXBuildFile; fileRef = E45BE97A0E8CC7DD009D7055 /* QuickTime.framework */; };
		E4B69E200A3A1BDC003C02F2 /* main.cpp in Sources */ = {isa = PBXBuildFile; fileRef = E4B69E1D0A3A1BDC003C02F2 /* main.cpp */; };
		E4B69E210A3A1BDC003C02F2 /* testApp.cpp in Sources */ = {isa = PBXBuildFile; fileRef = E4B69E1E0A3A1BDC003C02F2 /* testApp.cpp */; };
		E4C2424710CC5A17004149E2 /* AppKit.framework in Frameworks */ = {isa = PBXBuildFile; fileRef = E4C2424410CC5A17004149E2 /* AppKit.framework */; };
		E4C2424810CC5A17004149E2 /* Cocoa.framework in Frameworks */ = {isa = PBXBuildFile; fileRef = E4C2424510CC5A17004149E2 /* Cocoa.framework */; };
		E4C2424910CC5A17004149E2 /* IOKit.framework in Frameworks */ = {isa = PBXBuildFile; fileRef = E4C2424610CC5A17004149E2 /* IOKit.framework */; };
		E4EB6799138ADC1D00A09F29 /* GLUT.framework in Frameworks */ = {isa = PBXBuildFile; fileRef = BBAB23BE13894E4700AA2426 /* GLUT.framework */; };
		FD2EEC801733D83200D10111 /* IpEndpointName.cpp in Sources */ = {isa = PBXBuildFile; fileRef = FD2EEC5C1733D83200D10111 /* IpEndpointName.cpp */; };
		FD2EEC811733D83200D10111 /* NetworkingUtils.cpp in Sources */ = {isa = PBXBuildFile; fileRef = FD2EEC611733D83200D10111 /* NetworkingUtils.cpp */; };
		FD2EEC821733D83200D10111 /* UdpSocket.cpp in Sources */ = {isa = PBXBuildFile; fileRef = FD2EEC621733D83200D10111 /* UdpSocket.cpp */; };
		FD2EEC831733D83200D10111 /* NetworkingUtilsWin.cpp in Sources */ = {isa = PBXBuildFile; fileRef = FD2EEC661733D83200D10111 /* NetworkingUtilsWin.cpp */; };
		FD2EEC841733D83200D10111 /* UdpSocketWin.cpp in Sources */ = {isa = PBXBuildFile; fileRef = FD2EEC671733D83200D10111 /* UdpSocketWin.cpp */; };
		FD2EEC851733D83200D10111 /* OscOutboundPacketStream.cpp in Sources */ = {isa = PBXBuildFile; fileRef = FD2EEC6C1733D83200D10111 /* OscOutboundPacketStream.cpp */; };
		FD2EEC861733D83200D10111 /* OscPrintReceivedElements.cpp in Sources */ = {isa = PBXBuildFile; fileRef = FD2EEC6F1733D83200D10111 /* OscPrintReceivedElements.cpp */; };
		FD2EEC871733D83200D10111 /* OscReceivedElements.cpp in Sources */ = {isa = PBXBuildFile; fileRef = FD2EEC711733D83200D10111 /* OscReceivedElements.cpp */; };
		FD2EEC881733D83200D10111 /* OscTypes.cpp in Sources */ = {isa = PBXBuildFile; fileRef = FD2EEC731733D83200D10111 /* OscTypes.cpp */; };
		FD2EEC891733D83200D10111 /* ofxOscBundle.cpp in Sources */ = {isa = PBXBuildFile; fileRef = FD2EEC781733D83200D10111 /* ofxOscBundle.cpp */; };
		FD2EEC8A1733D83200D10111 /* ofxOscMessage.cpp in Sources */ = {isa = PBXBuildFile; fileRef = FD2EEC7A1733D83200D10111 /* ofxOscMessage.cpp */; };
		FD2EEC8B1733D83200D10111 /* ofxOscReceiver.cpp in Sources */ = {isa = PBXBuildFile; fileRef = FD2EEC7C1733D83200D10111 /* ofxOscReceiver.cpp */; };
		FD2EEC8C1733D83200D10111 /* ofxOscSender.cpp in Sources */ = {isa = PBXBuildFile; fileRef = FD2EEC7E1733D83200D10111 /* ofxOscSender.cpp */; };
		FD2EEC8E1733D90B00D10111 /* QTKit.framework in Frameworks */ = {isa = PBXBuildFile; fileRef = FD2EEC8D1733D90B00D10111 /* QTKit.framework */; };
		FD2EEC901733D91A00D10111 /* CoreVideo.framework in Frameworks */ = {isa = PBXBuildFile; fileRef = FD2EEC8F1733D91A00D10111 /* CoreVideo.framework */; };
		FD2EEC921733D93F00D10111 /* Accelerate.framework in Frameworks */ = {isa = PBXBuildFile; fileRef = FD2EEC911733D93F00D10111 /* Accelerate.framework */; };
		FD2EEC941733D94A00D10111 /* AppKit.framework in Frameworks */ = {isa = PBXBuildFile; fileRef = FD2EEC931733D94A00D10111 /* AppKit.framework */; };
		ac59cecc06d479990bb40dc4b6e8d708 /* ofxCvFloatImage.cpp in Sources */ = {isa = PBXBuildFile; fileRef = 7b6a03390302d5a2c9f0e4ab630ae8d6 /* ofxCvFloatImage.cpp */; };
		d88d764a83ef6141a37bfd8a797dc59d /* ofxCvContourFinder.cpp in Sources */ = {isa = PBXBuildFile; fileRef = c76de5c29bdbd2caa1dd0021a7376220 /* ofxCvContourFinder.cpp */; };
		dbf87635ae30aae223f0609e6ee16e2f /* ofxCvImage.cpp in Sources */ = {isa = PBXBuildFile; fileRef = c6151136d101f857dae12722e3c42f4a /* ofxCvImage.cpp */; };
/* End PBXBuildFile section */

/* Begin PBXContainerItemProxy section */
		E4328147138ABC890047C5CB /* PBXContainerItemProxy */ = {
			isa = PBXContainerItemProxy;
			containerPortal = E4328143138ABC890047C5CB /* openFrameworksLib.xcodeproj */;
			proxyType = 2;
			remoteGlobalIDString = E4B27C1510CBEB8E00536013;
			remoteInfo = openFrameworks;
		};
		E4EEB9AB138B136A00A80321 /* PBXContainerItemProxy */ = {
			isa = PBXContainerItemProxy;
			containerPortal = E4328143138ABC890047C5CB /* openFrameworksLib.xcodeproj */;
			proxyType = 1;
			remoteGlobalIDString = E4B27C1410CBEB8E00536013;
			remoteInfo = openFrameworks;
		};
/* End PBXContainerItemProxy section */

/* Begin PBXCopyFilesBuildPhase section */
		E4C2427710CC5ABF004149E2 /* CopyFiles */ = {
			isa = PBXCopyFilesBuildPhase;
			buildActionMask = 2147483647;
			dstPath = "";
			dstSubfolderSpec = 10;
			files = (
				BBAB23CB13894F3D00AA2426 /* GLUT.framework in CopyFiles */,
			);
			runOnlyForDeploymentPostprocessing = 0;
		};
/* End PBXCopyFilesBuildPhase section */

/* Begin PBXFileReference section */
		057122a817d12571f8c0c7a4d522b879 /* ofxCvGrayscaleImage.cpp */ = {isa = PBXFileReference; fileEncoding = 4; lastKnownFileType = sourcecode.cpp.cpp; name = ofxCvGrayscaleImage.cpp; path = ../../../addons/ofxOpenCv/src/ofxCvGrayscaleImage.cpp; sourceTree = SOURCE_ROOT; };
		119F52F114B371DD00FE1C92 /* ofxLeastSquares.cpp */ = {isa = PBXFileReference; fileEncoding = 4; lastKnownFileType = sourcecode.cpp.cpp; path = ofxLeastSquares.cpp; sourceTree = "<group>"; };
		119F52F214B371DD00FE1C92 /* ofxLeastSquares.h */ = {isa = PBXFileReference; fileEncoding = 4; lastKnownFileType = sourcecode.c.h; path = ofxLeastSquares.h; sourceTree = "<group>"; };
		3c232045833313b99efe0b14840b6108 /* ofxCvMain.h */ = {isa = PBXFileReference; fileEncoding = 4; lastKnownFileType = sourcecode.c.h; name = ofxCvMain.h; path = ../../../addons/ofxOpenCv/src/ofxCvMain.h; sourceTree = SOURCE_ROOT; };
		516717f84c0146512c47a3ec3f268851 /* ofxCvHaarFinder.h */ = {isa = PBXFileReference; fileEncoding = 4; lastKnownFileType = sourcecode.c.h; name = ofxCvHaarFinder.h; path = ../../../addons/ofxOpenCv/src/ofxCvHaarFinder.h; sourceTree = SOURCE_ROOT; };
		603f2267d449084a4187a04928d2d713 /* ofxCvBlob.h */ = {isa = PBXFileReference; fileEncoding = 4; lastKnownFileType = sourcecode.c.h; name = ofxCvBlob.h; path = ../../../addons/ofxOpenCv/src/ofxCvBlob.h; sourceTree = SOURCE_ROOT; };
		7b6a03390302d5a2c9f0e4ab630ae8d6 /* ofxCvFloatImage.cpp */ = {isa = PBXFileReference; fileEncoding = 4; lastKnownFileType = sourcecode.cpp.cpp; name = ofxCvFloatImage.cpp; path = ../../../addons/ofxOpenCv/src/ofxCvFloatImage.cpp; sourceTree = SOURCE_ROOT; };
		8a4dd23693dfab8ec05faa5d62c49d8c /* ofxCvShortImage.cpp */ = {isa = PBXFileReference; fileEncoding = 4; lastKnownFileType = sourcecode.cpp.cpp; name = ofxCvShortImage.cpp; path = ../../../addons/ofxOpenCv/src/ofxCvShortImage.cpp; sourceTree = SOURCE_ROOT; };
		8e79cf8911dfabafe23ea45b335d18dd /* ofxCvConstants.h */ = {isa = PBXFileReference; fileEncoding = 4; lastKnownFileType = sourcecode.c.h; name = ofxCvConstants.h; path = ../../../addons/ofxOpenCv/src/ofxCvConstants.h; sourceTree = SOURCE_ROOT; };
		9a048549f08c6dffa79e6def6eeedb50 /* ofxCvGrayscaleImage.h */ = {isa = PBXFileReference; fileEncoding = 4; lastKnownFileType = sourcecode.c.h; name = ofxCvGrayscaleImage.h; path = ../../../addons/ofxOpenCv/src/ofxCvGrayscaleImage.h; sourceTree = SOURCE_ROOT; };
		9a16cbf2e8cfe43af54fe6f55efbf8a4 /* ofxCvHaarFinder.cpp */ = {isa = PBXFileReference; fileEncoding = 4; lastKnownFileType = sourcecode.cpp.cpp; name = ofxCvHaarFinder.cpp; path = ../../../addons/ofxOpenCv/src/ofxCvHaarFinder.cpp; sourceTree = SOURCE_ROOT; };
		BBAB23BE13894E4700AA2426 /* GLUT.framework */ = {isa = PBXFileReference; lastKnownFileType = wrapper.framework; name = GLUT.framework; path = ../../../libs/glut/lib/osx/GLUT.framework; sourceTree = "<group>"; };
		E2338BC6147A5D2600173D89 /* guiBaseObject.h */ = {isa = PBXFileReference; fileEncoding = 4; lastKnownFileType = sourcecode.c.h; path = guiBaseObject.h; sourceTree = "<group>"; };
		E2338BC7147A5D2600173D89 /* guiColor.h */ = {isa = PBXFileReference; fileEncoding = 4; lastKnownFileType = sourcecode.c.h; path = guiColor.h; sourceTree = "<group>"; };
		E2338BC8147A5D2600173D89 /* guiCustomImpl.h */ = {isa = PBXFileReference; fileEncoding = 4; lastKnownFileType = sourcecode.c.h; path = guiCustomImpl.h; sourceTree = "<group>"; };
		E2338BC9147A5D2600173D89 /* guiIncludes.h */ = {isa = PBXFileReference; fileEncoding = 4; lastKnownFileType = sourcecode.c.h; path = guiIncludes.h; sourceTree = "<group>"; };
		E2338BCA147A5D2600173D89 /* guiTextBase.h */ = {isa = PBXFileReference; fileEncoding = 4; lastKnownFileType = sourcecode.c.h; path = guiTextBase.h; sourceTree = "<group>"; };
		E2338BCB147A5D2600173D89 /* guiType2DSlider.h */ = {isa = PBXFileReference; fileEncoding = 4; lastKnownFileType = sourcecode.c.h; path = guiType2DSlider.h; sourceTree = "<group>"; };
		E2338BCC147A5D2600173D89 /* guiTypeCustom.h */ = {isa = PBXFileReference; fileEncoding = 4; lastKnownFileType = sourcecode.c.h; path = guiTypeCustom.h; sourceTree = "<group>"; };
		E2338BCD147A5D2600173D89 /* guiTypeDrawable.h */ = {isa = PBXFileReference; fileEncoding = 4; lastKnownFileType = sourcecode.c.h; path = guiTypeDrawable.h; sourceTree = "<group>"; };
		E2338BCE147A5D2600173D89 /* guiTypeFileLister.h */ = {isa = PBXFileReference; fileEncoding = 4; lastKnownFileType = sourcecode.c.h; path = guiTypeFileLister.h; sourceTree = "<group>"; };
		E2338BCF147A5D2600173D89 /* guiTypeLogger.h */ = {isa = PBXFileReference; fileEncoding = 4; lastKnownFileType = sourcecode.c.h; path = guiTypeLogger.h; sourceTree = "<group>"; };
		E2338BD0147A5D2600173D89 /* guiTypeMultiToggle.h */ = {isa = PBXFileReference; fileEncoding = 4; lastKnownFileType = sourcecode.c.h; path = guiTypeMultiToggle.h; sourceTree = "<group>"; };
		E2338BD1147A5D2600173D89 /* guiTypePanel.h */ = {isa = PBXFileReference; fileEncoding = 4; lastKnownFileType = sourcecode.c.h; path = guiTypePanel.h; sourceTree = "<group>"; };
		E2338BD2147A5D2600173D89 /* guiTypeSlider.h */ = {isa = PBXFileReference; fileEncoding = 4; lastKnownFileType = sourcecode.c.h; path = guiTypeSlider.h; sourceTree = "<group>"; };
		E2338BD3147A5D2600173D89 /* guiTypeText.h */ = {isa = PBXFileReference; fileEncoding = 4; lastKnownFileType = sourcecode.c.h; path = guiTypeText.h; sourceTree = "<group>"; };
		E2338BD4147A5D2600173D89 /* guiTypeToggle.h */ = {isa = PBXFileReference; fileEncoding = 4; lastKnownFileType = sourcecode.c.h; path = guiTypeToggle.h; sourceTree = "<group>"; };
		E2338BD5147A5D2600173D89 /* guiValue.h */ = {isa = PBXFileReference; fileEncoding = 4; lastKnownFileType = sourcecode.c.h; path = guiValue.h; sourceTree = "<group>"; };
		E2338BD6147A5D2600173D89 /* guiXmlValue.h */ = {isa = PBXFileReference; fileEncoding = 4; lastKnownFileType = sourcecode.c.h; path = guiXmlValue.h; sourceTree = "<group>"; };
		E2338BD7147A5D2600173D89 /* ofxControlPanel.cpp */ = {isa = PBXFileReference; fileEncoding = 4; lastKnownFileType = sourcecode.cpp.cpp; path = ofxControlPanel.cpp; sourceTree = "<group>"; };
		E2338BD8147A5D2600173D89 /* ofxControlPanel.h */ = {isa = PBXFileReference; fileEncoding = 4; lastKnownFileType = sourcecode.c.h; path = ofxControlPanel.h; sourceTree = "<group>"; };
		E2338BD9147A5D2600173D89 /* simpleColor.h */ = {isa = PBXFileReference; fileEncoding = 4; lastKnownFileType = sourcecode.c.h; path = simpleColor.h; sourceTree = "<group>"; };
		E2338BDA147A5D2600173D89 /* simpleFileLister.h */ = {isa = PBXFileReference; fileEncoding = 4; lastKnownFileType = sourcecode.c.h; path = simpleFileLister.h; sourceTree = "<group>"; };
		E2338BDB147A5D2600173D89 /* simpleLogger.h */ = {isa = PBXFileReference; fileEncoding = 4; lastKnownFileType = sourcecode.c.h; path = simpleLogger.h; sourceTree = "<group>"; };
		E2338C16147A5D9600173D89 /* ofxMatrix3x3.h */ = {isa = PBXFileReference; fileEncoding = 4; lastKnownFileType = sourcecode.c.h; path = ofxMatrix3x3.h; sourceTree = "<group>"; };
		E2338C17147A5D9600173D89 /* ofxMatrix4x4.h */ = {isa = PBXFileReference; fileEncoding = 4; lastKnownFileType = sourcecode.c.h; path = ofxMatrix4x4.h; sourceTree = "<group>"; };
		E2338C18147A5D9600173D89 /* ofxPoint2f.h */ = {isa = PBXFileReference; fileEncoding = 4; lastKnownFileType = sourcecode.c.h; path = ofxPoint2f.h; sourceTree = "<group>"; };
		E2338C19147A5D9600173D89 /* ofxPoint3f.h */ = {isa = PBXFileReference; fileEncoding = 4; lastKnownFileType = sourcecode.c.h; path = ofxPoint3f.h; sourceTree = "<group>"; };
		E2338C1A147A5D9600173D89 /* ofxPoint4f.h */ = {isa = PBXFileReference; fileEncoding = 4; lastKnownFileType = sourcecode.c.h; path = ofxPoint4f.h; sourceTree = "<group>"; };
		E2338C1B147A5D9600173D89 /* ofxQuaternion.h */ = {isa = PBXFileReference; fileEncoding = 4; lastKnownFileType = sourcecode.c.h; path = ofxQuaternion.h; sourceTree = "<group>"; };
		E2338C1C147A5D9600173D89 /* ofxVec2f.h */ = {isa = PBXFileReference; fileEncoding = 4; lastKnownFileType = sourcecode.c.h; path = ofxVec2f.h; sourceTree = "<group>"; };
		E2338C1D147A5D9600173D89 /* ofxVec3f.h */ = {isa = PBXFileReference; fileEncoding = 4; lastKnownFileType = sourcecode.c.h; path = ofxVec3f.h; sourceTree = "<group>"; };
		E2338C1E147A5D9600173D89 /* ofxVec4f.h */ = {isa = PBXFileReference; fileEncoding = 4; lastKnownFileType = sourcecode.c.h; path = ofxVec4f.h; sourceTree = "<group>"; };
		E2338C1F147A5D9600173D89 /* ofxVectorMath.h */ = {isa = PBXFileReference; fileEncoding = 4; lastKnownFileType = sourcecode.c.h; path = ofxVectorMath.h; sourceTree = "<group>"; };
		E2338C21147A5DB600173D89 /* install.xml */ = {isa = PBXFileReference; fileEncoding = 4; lastKnownFileType = text.xml; path = install.xml; sourceTree = "<group>"; };
		E2338C23147A5DB600173D89 /* tinyxml.cpp */ = {isa = PBXFileReference; fileEncoding = 4; lastKnownFileType = sourcecode.cpp.cpp; path = tinyxml.cpp; sourceTree = "<group>"; };
		E2338C24147A5DB600173D89 /* tinyxml.h */ = {isa = PBXFileReference; fileEncoding = 4; lastKnownFileType = sourcecode.c.h; path = tinyxml.h; sourceTree = "<group>"; };
		E2338C25147A5DB600173D89 /* tinyxmlerror.cpp */ = {isa = PBXFileReference; fileEncoding = 4; lastKnownFileType = sourcecode.cpp.cpp; path = tinyxmlerror.cpp; sourceTree = "<group>"; };
		E2338C26147A5DB600173D89 /* tinyxmlparser.cpp */ = {isa = PBXFileReference; fileEncoding = 4; lastKnownFileType = sourcecode.cpp.cpp; path = tinyxmlparser.cpp; sourceTree = "<group>"; };
		E2338C28147A5DB600173D89 /* ofxXmlSettings.cpp */ = {isa = PBXFileReference; fileEncoding = 4; lastKnownFileType = sourcecode.cpp.cpp; path = ofxXmlSettings.cpp; sourceTree = "<group>"; };
		E2338C29147A5DB600173D89 /* ofxXmlSettings.h */ = {isa = PBXFileReference; fileEncoding = 4; lastKnownFileType = sourcecode.c.h; path = ofxXmlSettings.h; sourceTree = "<group>"; };
		E2338C30147A5DE000173D89 /* Instructions.txt */ = {isa = PBXFileReference; fileEncoding = 4; lastKnownFileType = text; path = Instructions.txt; sourceTree = "<group>"; };
		E2338C31147A5DE000173D89 /* install.xml */ = {isa = PBXFileReference; fileEncoding = 4; lastKnownFileType = text.xml; path = install.xml; sourceTree = "<group>"; };
		E2338C33147A5DE000173D89 /* ofxDirList.h */ = {isa = PBXFileReference; fileEncoding = 4; lastKnownFileType = sourcecode.c.h; path = ofxDirList.h; sourceTree = "<group>"; };
		E271ED8614B69272006C4795 /* eyeOsc.cpp */ = {isa = PBXFileReference; fileEncoding = 4; lastKnownFileType = sourcecode.cpp.cpp; path = eyeOsc.cpp; sourceTree = "<group>"; };
		E271ED8814B69284006C4795 /* eyeOsc.h */ = {isa = PBXFileReference; fileEncoding = 4; lastKnownFileType = sourcecode.c.h; path = eyeOsc.h; sourceTree = "<group>"; };
		E28FC7A514B397EB00C62C04 /* buttonRect.cpp */ = {isa = PBXFileReference; fileEncoding = 4; lastKnownFileType = sourcecode.cpp.cpp; path = buttonRect.cpp; sourceTree = "<group>"; };
		E28FC7A614B397EB00C62C04 /* buttonRect.h */ = {isa = PBXFileReference; fileEncoding = 4; lastKnownFileType = sourcecode.c.h; path = buttonRect.h; sourceTree = "<group>"; };
		E28FC7A714B397EB00C62C04 /* buttonState.h */ = {isa = PBXFileReference; fileEncoding = 4; lastKnownFileType = sourcecode.c.h; path = buttonState.h; sourceTree = "<group>"; };
		E28FC7A814B397EB00C62C04 /* buttonStateManager.cpp */ = {isa = PBXFileReference; fileEncoding = 4; lastKnownFileType = sourcecode.cpp.cpp; path = buttonStateManager.cpp; sourceTree = "<group>"; };
		E28FC7A914B397EB00C62C04 /* buttonStateManager.h */ = {isa = PBXFileReference; fileEncoding = 4; lastKnownFileType = sourcecode.c.h; path = buttonStateManager.h; sourceTree = "<group>"; };
		E28FC7AA14B397EB00C62C04 /* buttonToggle.cpp */ = {isa = PBXFileReference; fileEncoding = 4; lastKnownFileType = sourcecode.cpp.cpp; path = buttonToggle.cpp; sourceTree = "<group>"; };
		E28FC7AB14B397EB00C62C04 /* buttonToggle.h */ = {isa = PBXFileReference; fileEncoding = 4; lastKnownFileType = sourcecode.c.h; path = buttonToggle.h; sourceTree = "<group>"; };
		E28FC7AC14B397EB00C62C04 /* buttonTrigger.cpp */ = {isa = PBXFileReference; fileEncoding = 4; lastKnownFileType = sourcecode.cpp.cpp; path = buttonTrigger.cpp; sourceTree = "<group>"; };
		E28FC7AD14B397EB00C62C04 /* buttonTrigger.h */ = {isa = PBXFileReference; fileEncoding = 4; lastKnownFileType = sourcecode.c.h; path = buttonTrigger.h; sourceTree = "<group>"; };
		E28FC7AF14B397EB00C62C04 /* baseScene.cpp */ = {isa = PBXFileReference; fileEncoding = 4; lastKnownFileType = sourcecode.cpp.cpp; path = baseScene.cpp; sourceTree = "<group>"; };
		E28FC7B014B397EB00C62C04 /* baseScene.h */ = {isa = PBXFileReference; fileEncoding = 4; lastKnownFileType = sourcecode.c.h; path = baseScene.h; sourceTree = "<group>"; };
		E28FC7B214B397EB00C62C04 /* defines.h */ = {isa = PBXFileReference; fileEncoding = 4; lastKnownFileType = sourcecode.c.h; path = defines.h; sourceTree = "<group>"; };
		E28FC7B314B397EB00C62C04 /* drawingScene.cpp */ = {isa = PBXFileReference; fileEncoding = 4; lastKnownFileType = sourcecode.cpp.cpp; path = drawingScene.cpp; sourceTree = "<group>"; };
		E28FC7B414B397EB00C62C04 /* drawingScene.h */ = {isa = PBXFileReference; fileEncoding = 4; lastKnownFileType = sourcecode.c.h; path = drawingScene.h; sourceTree = "<group>"; };
		E28FC7B514B397EB00C62C04 /* manipulationScene.cpp */ = {isa = PBXFileReference; fileEncoding = 4; lastKnownFileType = sourcecode.cpp.cpp; path = manipulationScene.cpp; sourceTree = "<group>"; };
		E28FC7B614B397EB00C62C04 /* manipulationScene.h */ = {isa = PBXFileReference; fileEncoding = 4; lastKnownFileType = sourcecode.c.h; path = manipulationScene.h; sourceTree = "<group>"; };
		E28FC7B814B397EB00C62C04 /* groupCollection.cpp */ = {isa = PBXFileReference; fileEncoding = 4; lastKnownFileType = sourcecode.cpp.cpp; path = groupCollection.cpp; sourceTree = "<group>"; };
		E28FC7B914B397EB00C62C04 /* groupCollection.h */ = {isa = PBXFileReference; fileEncoding = 4; lastKnownFileType = sourcecode.c.h; path = groupCollection.h; sourceTree = "<group>"; };
		E28FC7BA14B397EB00C62C04 /* stroke.cpp */ = {isa = PBXFileReference; fileEncoding = 4; lastKnownFileType = sourcecode.cpp.cpp; path = stroke.cpp; sourceTree = "<group>"; };
		E28FC7BB14B397EB00C62C04 /* stroke.h */ = {isa = PBXFileReference; fileEncoding = 4; lastKnownFileType = sourcecode.c.h; path = stroke.h; sourceTree = "<group>"; };
		E28FC7BC14B397EB00C62C04 /* strokeGroup.cpp */ = {isa = PBXFileReference; fileEncoding = 4; lastKnownFileType = sourcecode.cpp.cpp; path = strokeGroup.cpp; sourceTree = "<group>"; };
		E28FC7BD14B397EB00C62C04 /* strokeGroup.h */ = {isa = PBXFileReference; fileEncoding = 4; lastKnownFileType = sourcecode.c.h; path = strokeGroup.h; sourceTree = "<group>"; };
		E28FC7BE14B397EB00C62C04 /* strokePoint.cpp */ = {isa = PBXFileReference; fileEncoding = 4; lastKnownFileType = sourcecode.cpp.cpp; path = strokePoint.cpp; sourceTree = "<group>"; };
		E28FC7BF14B397EB00C62C04 /* strokePoint.h */ = {isa = PBXFileReference; fileEncoding = 4; lastKnownFileType = sourcecode.c.h; path = strokePoint.h; sourceTree = "<group>"; };
		E28FC7C014B397EB00C62C04 /* strokeThumbnails.cpp */ = {isa = PBXFileReference; fileEncoding = 4; lastKnownFileType = sourcecode.cpp.cpp; path = strokeThumbnails.cpp; sourceTree = "<group>"; };
		E28FC7C114B397EB00C62C04 /* strokeThumbnails.h */ = {isa = PBXFileReference; fileEncoding = 4; lastKnownFileType = sourcecode.c.h; path = strokeThumbnails.h; sourceTree = "<group>"; };
		E28FC7C214B397EB00C62C04 /* strokeUtils.cpp */ = {isa = PBXFileReference; fileEncoding = 4; lastKnownFileType = sourcecode.cpp.cpp; path = strokeUtils.cpp; sourceTree = "<group>"; };
		E28FC7C314B397EB00C62C04 /* strokeUtils.h */ = {isa = PBXFileReference; fileEncoding = 4; lastKnownFileType = sourcecode.c.h; path = strokeUtils.h; sourceTree = "<group>"; };
		E28FC7C414B397EB00C62C04 /* styleScene.cpp */ = {isa = PBXFileReference; fileEncoding = 4; lastKnownFileType = sourcecode.cpp.cpp; path = styleScene.cpp; sourceTree = "<group>"; };
		E28FC7C514B397EB00C62C04 /* styleScene.h */ = {isa = PBXFileReference; fileEncoding = 4; lastKnownFileType = sourcecode.c.h; path = styleScene.h; sourceTree = "<group>"; };
		E28FC7C714B397EB00C62C04 /* colorChooser.cpp */ = {isa = PBXFileReference; fileEncoding = 4; lastKnownFileType = sourcecode.cpp.cpp; path = colorChooser.cpp; sourceTree = "<group>"; };
		E28FC7C814B397EB00C62C04 /* colorChooser.h */ = {isa = PBXFileReference; fileEncoding = 4; lastKnownFileType = sourcecode.c.h; path = colorChooser.h; sourceTree = "<group>"; };
		E28FC7C914B397EB00C62C04 /* groupStyle.cpp */ = {isa = PBXFileReference; fileEncoding = 4; lastKnownFileType = sourcecode.cpp.cpp; path = groupStyle.cpp; sourceTree = "<group>"; };
		E28FC7CA14B397EB00C62C04 /* groupStyle.h */ = {isa = PBXFileReference; fileEncoding = 4; lastKnownFileType = sourcecode.c.h; path = groupStyle.h; sourceTree = "<group>"; };
		E28FC7CB14B397EB00C62C04 /* renderManager.cpp */ = {isa = PBXFileReference; fileEncoding = 4; lastKnownFileType = sourcecode.cpp.cpp; path = renderManager.cpp; sourceTree = "<group>"; };
		E28FC7CC14B397EB00C62C04 /* renderManager.h */ = {isa = PBXFileReference; fileEncoding = 4; lastKnownFileType = sourcecode.c.h; path = renderManager.h; sourceTree = "<group>"; };
		E28FC7CD14B397EB00C62C04 /* eyePlotterTestApp.cpp */ = {isa = PBXFileReference; fileEncoding = 4; lastKnownFileType = sourcecode.cpp.cpp; path = eyePlotterTestApp.cpp; sourceTree = "<group>"; };
		E28FC7CE14B397EB00C62C04 /* eyePlotterTestApp.h */ = {isa = PBXFileReference; fileEncoding = 4; lastKnownFileType = sourcecode.c.h; path = eyePlotterTestApp.h; sourceTree = "<group>"; };
		E28FC7CF14B397EB00C62C04 /* pongScene.cpp */ = {isa = PBXFileReference; fileEncoding = 4; lastKnownFileType = sourcecode.cpp.cpp; path = pongScene.cpp; sourceTree = "<group>"; };
		E28FC7D014B397EB00C62C04 /* pongScene.h */ = {isa = PBXFileReference; fileEncoding = 4; lastKnownFileType = sourcecode.c.h; path = pongScene.h; sourceTree = "<group>"; };
		E28FC7D114B397EB00C62C04 /* saverScene.cpp */ = {isa = PBXFileReference; fileEncoding = 4; lastKnownFileType = sourcecode.cpp.cpp; path = saverScene.cpp; sourceTree = "<group>"; };
		E28FC7D214B397EB00C62C04 /* saverScene.h */ = {isa = PBXFileReference; fileEncoding = 4; lastKnownFileType = sourcecode.c.h; path = saverScene.h; sourceTree = "<group>"; };
		E28FC7D314B397EB00C62C04 /* speak.h */ = {isa = PBXFileReference; fileEncoding = 4; lastKnownFileType = sourcecode.c.h; path = speak.h; sourceTree = "<group>"; };
		E28FC7D414B397EB00C62C04 /* speak.m */ = {isa = PBXFileReference; fileEncoding = 4; lastKnownFileType = sourcecode.c.objc; path = speak.m; sourceTree = "<group>"; };
		E28FC7D514B397EB00C62C04 /* typingScene.cpp */ = {isa = PBXFileReference; fileEncoding = 4; lastKnownFileType = sourcecode.cpp.cpp; path = typingScene.cpp; sourceTree = "<group>"; };
		E28FC7D614B397EB00C62C04 /* typingScene.h */ = {isa = PBXFileReference; fileEncoding = 4; lastKnownFileType = sourcecode.c.h; path = typingScene.h; sourceTree = "<group>"; };
		E28FC7D914B397EB00C62C04 /* calibrationFileSaver.cpp */ = {isa = PBXFileReference; fileEncoding = 4; lastKnownFileType = sourcecode.cpp.cpp; path = calibrationFileSaver.cpp; sourceTree = "<group>"; };
		E28FC7DA14B397EB00C62C04 /* calibrationFileSaver.h */ = {isa = PBXFileReference; fileEncoding = 4; lastKnownFileType = sourcecode.c.h; path = calibrationFileSaver.h; sourceTree = "<group>"; };
		E28FC7DB14B397EB00C62C04 /* calibrationManager.cpp */ = {isa = PBXFileReference; fileEncoding = 4; lastKnownFileType = sourcecode.cpp.cpp; path = calibrationManager.cpp; sourceTree = "<group>"; };
		E28FC7DC14B397EB00C62C04 /* calibrationManager.h */ = {isa = PBXFileReference; fileEncoding = 4; lastKnownFileType = sourcecode.c.h; path = calibrationManager.h; sourceTree = "<group>"; };
		E28FC7DD14B397EB00C62C04 /* calibrationManager_controlPanel.cpp */ = {isa = PBXFileReference; fileEncoding = 4; lastKnownFileType = sourcecode.cpp.cpp; path = calibrationManager_controlPanel.cpp; sourceTree = "<group>"; };
		E28FC7DE14B397EB00C62C04 /* pointFitter.cpp */ = {isa = PBXFileReference; fileEncoding = 4; lastKnownFileType = sourcecode.cpp.cpp; path = pointFitter.cpp; sourceTree = "<group>"; };
		E28FC7DF14B397EB00C62C04 /* pointFitter.h */ = {isa = PBXFileReference; fileEncoding = 4; lastKnownFileType = sourcecode.c.h; path = pointFitter.h; sourceTree = "<group>"; };
		E28FC7E014B397EB00C62C04 /* eyeTracker.cpp */ = {isa = PBXFileReference; fileEncoding = 4; lastKnownFileType = sourcecode.cpp.cpp; path = eyeTracker.cpp; sourceTree = "<group>"; };
		E28FC7E114B397EB00C62C04 /* eyeTracker.h */ = {isa = PBXFileReference; fileEncoding = 4; lastKnownFileType = sourcecode.c.h; path = eyeTracker.h; sourceTree = "<group>"; };
		E28FC7E214B397EB00C62C04 /* FitEllipse.cpp */ = {isa = PBXFileReference; fileEncoding = 4; lastKnownFileType = sourcecode.cpp.cpp; path = FitEllipse.cpp; sourceTree = "<group>"; };
		E28FC7E314B397EB00C62C04 /* FitEllipse.h */ = {isa = PBXFileReference; fileEncoding = 4; lastKnownFileType = sourcecode.c.h; path = FitEllipse.h; sourceTree = "<group>"; };
		E28FC7E414B397EB00C62C04 /* inputManager.cpp */ = {isa = PBXFileReference; fileEncoding = 4; lastKnownFileType = sourcecode.cpp.cpp; path = inputManager.cpp; sourceTree = "<group>"; };
		E28FC7E514B397EB00C62C04 /* inputManager.h */ = {isa = PBXFileReference; fileEncoding = 4; lastKnownFileType = sourcecode.c.h; path = inputManager.h; sourceTree = "<group>"; };
		E28FC7E614B397EB00C62C04 /* ofxCvGrayscaleAdvanced.cpp */ = {isa = PBXFileReference; fileEncoding = 4; lastKnownFileType = sourcecode.cpp.cpp; path = ofxCvGrayscaleAdvanced.cpp; sourceTree = "<group>"; };
		E28FC7E714B397EB00C62C04 /* ofxCvGrayscaleAdvanced.h */ = {isa = PBXFileReference; fileEncoding = 4; lastKnownFileType = sourcecode.c.h; path = ofxCvGrayscaleAdvanced.h; sourceTree = "<group>"; };
		E28FC7E814B397EB00C62C04 /* trackingManager.cpp */ = {isa = PBXFileReference; fileEncoding = 4; lastKnownFileType = sourcecode.cpp.cpp; path = trackingManager.cpp; sourceTree = "<group>"; };
		E28FC7E914B397EB00C62C04 /* trackingManager.h */ = {isa = PBXFileReference; fileEncoding = 4; lastKnownFileType = sourcecode.c.h; path = trackingManager.h; sourceTree = "<group>"; };
		E2AC662214B76B6700E65D0D /* testingScene.cpp */ = {isa = PBXFileReference; fileEncoding = 4; lastKnownFileType = sourcecode.cpp.cpp; path = testingScene.cpp; sourceTree = "<group>"; };
		E2AC662414B76B9700E65D0D /* testingScene.h */ = {isa = PBXFileReference; fileEncoding = 4; lastKnownFileType = sourcecode.c.h; path = testingScene.h; sourceTree = "<group>"; };
		E4328143138ABC890047C5CB /* openFrameworksLib.xcodeproj */ = {isa = PBXFileReference; lastKnownFileType = "wrapper.pb-project"; name = openFrameworksLib.xcodeproj; path = ../../../libs/openFrameworksCompiled/project/osx/openFrameworksLib.xcodeproj; sourceTree = SOURCE_ROOT; };
		E45BE9710E8CC7DD009D7055 /* AGL.framework */ = {isa = PBXFileReference; lastKnownFileType = wrapper.framework; name = AGL.framework; path = /System/Library/Frameworks/AGL.framework; sourceTree = "<absolute>"; };
		E45BE9720E8CC7DD009D7055 /* ApplicationServices.framework */ = {isa = PBXFileReference; lastKnownFileType = wrapper.framework; name = ApplicationServices.framework; path = /System/Library/Frameworks/ApplicationServices.framework; sourceTree = "<absolute>"; };
		E45BE9730E8CC7DD009D7055 /* AudioToolbox.framework */ = {isa = PBXFileReference; lastKnownFileType = wrapper.framework; name = AudioToolbox.framework; path = /System/Library/Frameworks/AudioToolbox.framework; sourceTree = "<absolute>"; };
		E45BE9740E8CC7DD009D7055 /* Carbon.framework */ = {isa = PBXFileReference; lastKnownFileType = wrapper.framework; name = Carbon.framework; path = /System/Library/Frameworks/Carbon.framework; sourceTree = "<absolute>"; };
		E45BE9750E8CC7DD009D7055 /* CoreAudio.framework */ = {isa = PBXFileReference; lastKnownFileType = wrapper.framework; name = CoreAudio.framework; path = /System/Library/Frameworks/CoreAudio.framework; sourceTree = "<absolute>"; };
		E45BE9760E8CC7DD009D7055 /* CoreFoundation.framework */ = {isa = PBXFileReference; lastKnownFileType = wrapper.framework; name = CoreFoundation.framework; path = /System/Library/Frameworks/CoreFoundation.framework; sourceTree = "<absolute>"; };
		E45BE9770E8CC7DD009D7055 /* CoreServices.framework */ = {isa = PBXFileReference; lastKnownFileType = wrapper.framework; name = CoreServices.framework; path = /System/Library/Frameworks/CoreServices.framework; sourceTree = "<absolute>"; };
		E45BE9790E8CC7DD009D7055 /* OpenGL.framework */ = {isa = PBXFileReference; lastKnownFileType = wrapper.framework; name = OpenGL.framework; path = /System/Library/Frameworks/OpenGL.framework; sourceTree = "<absolute>"; };
		E45BE97A0E8CC7DD009D7055 /* QuickTime.framework */ = {isa = PBXFileReference; lastKnownFileType = wrapper.framework; name = QuickTime.framework; path = /System/Library/Frameworks/QuickTime.framework; sourceTree = "<absolute>"; };
		E4B69B5B0A3A1756003C02F2 /* temptTracker021Debug.app */ = {isa = PBXFileReference; explicitFileType = wrapper.application; includeInIndex = 0; path = temptTracker021Debug.app; sourceTree = BUILT_PRODUCTS_DIR; };
		E4B69E1D0A3A1BDC003C02F2 /* main.cpp */ = {isa = PBXFileReference; fileEncoding = 30; lastKnownFileType = sourcecode.cpp.cpp; name = main.cpp; path = src/main.cpp; sourceTree = SOURCE_ROOT; };
		E4B69E1E0A3A1BDC003C02F2 /* testApp.cpp */ = {isa = PBXFileReference; explicitFileType = sourcecode.cpp.cpp; fileEncoding = 30; name = testApp.cpp; path = src/testApp.cpp; sourceTree = SOURCE_ROOT; };
		E4B69E1F0A3A1BDC003C02F2 /* testApp.h */ = {isa = PBXFileReference; fileEncoding = 30; lastKnownFileType = sourcecode.c.h; name = testApp.h; path = src/testApp.h; sourceTree = SOURCE_ROOT; };
		E4B6FCAD0C3E899E008CF71C /* openFrameworks-Info.plist */ = {isa = PBXFileReference; fileEncoding = 30; lastKnownFileType = text.plist.xml; path = "openFrameworks-Info.plist"; sourceTree = "<group>"; };
		E4C2424410CC5A17004149E2 /* AppKit.framework */ = {isa = PBXFileReference; lastKnownFileType = wrapper.framework; name = AppKit.framework; path = /System/Library/Frameworks/AppKit.framework; sourceTree = "<absolute>"; };
		E4C2424510CC5A17004149E2 /* Cocoa.framework */ = {isa = PBXFileReference; lastKnownFileType = wrapper.framework; name = Cocoa.framework; path = /System/Library/Frameworks/Cocoa.framework; sourceTree = "<absolute>"; };
		E4C2424610CC5A17004149E2 /* IOKit.framework */ = {isa = PBXFileReference; lastKnownFileType = wrapper.framework; name = IOKit.framework; path = /System/Library/Frameworks/IOKit.framework; sourceTree = "<absolute>"; };
		E4EB691F138AFCF100A09F29 /* CoreOF.xcconfig */ = {isa = PBXFileReference; fileEncoding = 4; lastKnownFileType = text.xcconfig; name = CoreOF.xcconfig; path = ../../../libs/openFrameworksCompiled/project/osx/CoreOF.xcconfig; sourceTree = SOURCE_ROOT; };
		E4EB6923138AFD0F00A09F29 /* Project.xcconfig */ = {isa = PBXFileReference; fileEncoding = 4; lastKnownFileType = text.xcconfig; path = Project.xcconfig; sourceTree = "<group>"; };
		FD2EEC571733D83200D10111 /* install.xml */ = {isa = PBXFileReference; fileEncoding = 4; lastKnownFileType = text.xml; path = install.xml; sourceTree = "<group>"; };
		FD2EEC5C1733D83200D10111 /* IpEndpointName.cpp */ = {isa = PBXFileReference; fileEncoding = 4; lastKnownFileType = sourcecode.cpp.cpp; path = IpEndpointName.cpp; sourceTree = "<group>"; };
		FD2EEC5D1733D83200D10111 /* IpEndpointName.h */ = {isa = PBXFileReference; fileEncoding = 4; lastKnownFileType = sourcecode.c.h; path = IpEndpointName.h; sourceTree = "<group>"; };
		FD2EEC5E1733D83200D10111 /* NetworkingUtils.h */ = {isa = PBXFileReference; fileEncoding = 4; lastKnownFileType = sourcecode.c.h; path = NetworkingUtils.h; sourceTree = "<group>"; };
		FD2EEC5F1733D83200D10111 /* PacketListener.h */ = {isa = PBXFileReference; fileEncoding = 4; lastKnownFileType = sourcecode.c.h; path = PacketListener.h; sourceTree = "<group>"; };
		FD2EEC611733D83200D10111 /* NetworkingUtils.cpp */ = {isa = PBXFileReference; fileEncoding = 4; lastKnownFileType = sourcecode.cpp.cpp; path = NetworkingUtils.cpp; sourceTree = "<group>"; };
		FD2EEC621733D83200D10111 /* UdpSocket.cpp */ = {isa = PBXFileReference; fileEncoding = 4; lastKnownFileType = sourcecode.cpp.cpp; path = UdpSocket.cpp; sourceTree = "<group>"; };
		FD2EEC631733D83200D10111 /* TimerListener.h */ = {isa = PBXFileReference; fileEncoding = 4; lastKnownFileType = sourcecode.c.h; path = TimerListener.h; sourceTree = "<group>"; };
		FD2EEC641733D83200D10111 /* UdpSocket.h */ = {isa = PBXFileReference; fileEncoding = 4; lastKnownFileType = sourcecode.c.h; path = UdpSocket.h; sourceTree = "<group>"; };
		FD2EEC661733D83200D10111 /* NetworkingUtilsWin.cpp */ = {isa = PBXFileReference; fileEncoding = 4; lastKnownFileType = sourcecode.cpp.cpp; path = NetworkingUtilsWin.cpp; sourceTree = "<group>"; };
		FD2EEC671733D83200D10111 /* UdpSocketWin.cpp */ = {isa = PBXFileReference; fileEncoding = 4; lastKnownFileType = sourcecode.cpp.cpp; path = UdpSocketWin.cpp; sourceTree = "<group>"; };
		FD2EEC691733D83200D10111 /* MessageMappingOscPacketListener.h */ = {isa = PBXFileReference; fileEncoding = 4; lastKnownFileType = sourcecode.c.h; path = MessageMappingOscPacketListener.h; sourceTree = "<group>"; };
		FD2EEC6A1733D83200D10111 /* OscException.h */ = {isa = PBXFileReference; fileEncoding = 4; lastKnownFileType = sourcecode.c.h; path = OscException.h; sourceTree = "<group>"; };
		FD2EEC6B1733D83200D10111 /* OscHostEndianness.h */ = {isa = PBXFileReference; fileEncoding = 4; lastKnownFileType = sourcecode.c.h; path = OscHostEndianness.h; sourceTree = "<group>"; };
		FD2EEC6C1733D83200D10111 /* OscOutboundPacketStream.cpp */ = {isa = PBXFileReference; fileEncoding = 4; lastKnownFileType = sourcecode.cpp.cpp; path = OscOutboundPacketStream.cpp; sourceTree = "<group>"; };
		FD2EEC6D1733D83200D10111 /* OscOutboundPacketStream.h */ = {isa = PBXFileReference; fileEncoding = 4; lastKnownFileType = sourcecode.c.h; path = OscOutboundPacketStream.h; sourceTree = "<group>"; };
		FD2EEC6E1733D83200D10111 /* OscPacketListener.h */ = {isa = PBXFileReference; fileEncoding = 4; lastKnownFileType = sourcecode.c.h; path = OscPacketListener.h; sourceTree = "<group>"; };
		FD2EEC6F1733D83200D10111 /* OscPrintReceivedElements.cpp */ = {isa = PBXFileReference; fileEncoding = 4; lastKnownFileType = sourcecode.cpp.cpp; path = OscPrintReceivedElements.cpp; sourceTree = "<group>"; };
		FD2EEC701733D83200D10111 /* OscPrintReceivedElements.h */ = {isa = PBXFileReference; fileEncoding = 4; lastKnownFileType = sourcecode.c.h; path = OscPrintReceivedElements.h; sourceTree = "<group>"; };
		FD2EEC711733D83200D10111 /* OscReceivedElements.cpp */ = {isa = PBXFileReference; fileEncoding = 4; lastKnownFileType = sourcecode.cpp.cpp; path = OscReceivedElements.cpp; sourceTree = "<group>"; };
		FD2EEC721733D83200D10111 /* OscReceivedElements.h */ = {isa = PBXFileReference; fileEncoding = 4; lastKnownFileType = sourcecode.c.h; path = OscReceivedElements.h; sourceTree = "<group>"; };
		FD2EEC731733D83200D10111 /* OscTypes.cpp */ = {isa = PBXFileReference; fileEncoding = 4; lastKnownFileType = sourcecode.cpp.cpp; path = OscTypes.cpp; sourceTree = "<group>"; };
		FD2EEC741733D83200D10111 /* OscTypes.h */ = {isa = PBXFileReference; fileEncoding = 4; lastKnownFileType = sourcecode.c.h; path = OscTypes.h; sourceTree = "<group>"; };
		FD2EEC761733D83200D10111 /* ofxOsc.h */ = {isa = PBXFileReference; fileEncoding = 4; lastKnownFileType = sourcecode.c.h; path = ofxOsc.h; sourceTree = "<group>"; };
		FD2EEC771733D83200D10111 /* ofxOscArg.h */ = {isa = PBXFileReference; fileEncoding = 4; lastKnownFileType = sourcecode.c.h; path = ofxOscArg.h; sourceTree = "<group>"; };
		FD2EEC781733D83200D10111 /* ofxOscBundle.cpp */ = {isa = PBXFileReference; fileEncoding = 4; lastKnownFileType = sourcecode.cpp.cpp; path = ofxOscBundle.cpp; sourceTree = "<group>"; };
		FD2EEC791733D83200D10111 /* ofxOscBundle.h */ = {isa = PBXFileReference; fileEncoding = 4; lastKnownFileType = sourcecode.c.h; path = ofxOscBundle.h; sourceTree = "<group>"; };
		FD2EEC7A1733D83200D10111 /* ofxOscMessage.cpp */ = {isa = PBXFileReference; fileEncoding = 4; lastKnownFileType = sourcecode.cpp.cpp; path = ofxOscMessage.cpp; sourceTree = "<group>"; };
		FD2EEC7B1733D83200D10111 /* ofxOscMessage.h */ = {isa = PBXFileReference; fileEncoding = 4; lastKnownFileType = sourcecode.c.h; path = ofxOscMessage.h; sourceTree = "<group>"; };
		FD2EEC7C1733D83200D10111 /* ofxOscReceiver.cpp */ = {isa = PBXFileReference; fileEncoding = 4; lastKnownFileType = sourcecode.cpp.cpp; path = ofxOscReceiver.cpp; sourceTree = "<group>"; };
		FD2EEC7D1733D83200D10111 /* ofxOscReceiver.h */ = {isa = PBXFileReference; fileEncoding = 4; lastKnownFileType = sourcecode.c.h; path = ofxOscReceiver.h; sourceTree = "<group>"; };
		FD2EEC7E1733D83200D10111 /* ofxOscSender.cpp */ = {isa = PBXFileReference; fileEncoding = 4; lastKnownFileType = sourcecode.cpp.cpp; path = ofxOscSender.cpp; sourceTree = "<group>"; };
		FD2EEC7F1733D83200D10111 /* ofxOscSender.h */ = {isa = PBXFileReference; fileEncoding = 4; lastKnownFileType = sourcecode.c.h; path = ofxOscSender.h; sourceTree = "<group>"; };
		FD2EEC8D1733D90B00D10111 /* QTKit.framework */ = {isa = PBXFileReference; lastKnownFileType = wrapper.framework; name = QTKit.framework; path = ../../../../../../../../System/Library/Frameworks/QTKit.framework; sourceTree = "<group>"; };
		FD2EEC8F1733D91A00D10111 /* CoreVideo.framework */ = {isa = PBXFileReference; lastKnownFileType = wrapper.framework; name = CoreVideo.framework; path = ../../../../../../../../System/Library/Frameworks/CoreVideo.framework; sourceTree = "<group>"; };
		FD2EEC911733D93F00D10111 /* Accelerate.framework */ = {isa = PBXFileReference; lastKnownFileType = wrapper.framework; name = Accelerate.framework; path = ../../../../../../../../System/Library/Frameworks/Accelerate.framework; sourceTree = "<group>"; };
		FD2EEC931733D94A00D10111 /* AppKit.framework */ = {isa = PBXFileReference; lastKnownFileType = wrapper.framework; name = AppKit.framework; path = ../../../../../../../../System/Library/Frameworks/AppKit.framework; sourceTree = "<group>"; };
		c1c56d20a1a57dc44096bfe709100d93 /* ofxCvContourFinder.h */ = {isa = PBXFileReference; fileEncoding = 4; lastKnownFileType = sourcecode.c.h; name = ofxCvContourFinder.h; path = ../../../addons/ofxOpenCv/src/ofxCvContourFinder.h; sourceTree = SOURCE_ROOT; };
		c6151136d101f857dae12722e3c42f4a /* ofxCvImage.cpp */ = {isa = PBXFileReference; fileEncoding = 4; lastKnownFileType = sourcecode.cpp.cpp; name = ofxCvImage.cpp; path = ../../../addons/ofxOpenCv/src/ofxCvImage.cpp; sourceTree = SOURCE_ROOT; };
		c76de5c29bdbd2caa1dd0021a7376220 /* ofxCvContourFinder.cpp */ = {isa = PBXFileReference; fileEncoding = 4; lastKnownFileType = sourcecode.cpp.cpp; name = ofxCvContourFinder.cpp; path = ../../../addons/ofxOpenCv/src/ofxCvContourFinder.cpp; sourceTree = SOURCE_ROOT; };
		ce81a5e39eb3c871fdf3d4d531ccdf12 /* ofxOpenCv.h */ = {isa = PBXFileReference; fileEncoding = 4; lastKnownFileType = sourcecode.c.h; name = ofxOpenCv.h; path = ../../../addons/ofxOpenCv/src/ofxOpenCv.h; sourceTree = SOURCE_ROOT; };
		ce9c7160245b19131dae61282ee6cb53 /* ofxCvColorImage.cpp */ = {isa = PBXFileReference; fileEncoding = 4; lastKnownFileType = sourcecode.cpp.cpp; name = ofxCvColorImage.cpp; path = ../../../addons/ofxOpenCv/src/ofxCvColorImage.cpp; sourceTree = SOURCE_ROOT; };
		d5bb6f0357b6422e1b1656b47b78dcdf /* ofxCvColorImage.h */ = {isa = PBXFileReference; fileEncoding = 4; lastKnownFileType = sourcecode.c.h; name = ofxCvColorImage.h; path = ../../../addons/ofxOpenCv/src/ofxCvColorImage.h; sourceTree = SOURCE_ROOT; };
		d847ebe484f4f500f9cf25492c7beddc /* ofxCvImage.h */ = {isa = PBXFileReference; fileEncoding = 4; lastKnownFileType = sourcecode.c.h; name = ofxCvImage.h; path = ../../../addons/ofxOpenCv/src/ofxCvImage.h; sourceTree = SOURCE_ROOT; };
		dea2edc0afd59176fdedc222f646a8af /* ofxCvShortImage.h */ = {isa = PBXFileReference; fileEncoding = 4; lastKnownFileType = sourcecode.c.h; name = ofxCvShortImage.h; path = ../../../addons/ofxOpenCv/src/ofxCvShortImage.h; sourceTree = SOURCE_ROOT; };
		f7269f96ac34a2b44a680d0371903a25 /* ofxCvFloatImage.h */ = {isa = PBXFileReference; fileEncoding = 4; lastKnownFileType = sourcecode.c.h; name = ofxCvFloatImage.h; path = ../../../addons/ofxOpenCv/src/ofxCvFloatImage.h; sourceTree = SOURCE_ROOT; };
/* End PBXFileReference section */

/* Begin PBXFrameworksBuildPhase section */
		E4B69B590A3A1756003C02F2 /* Frameworks */ = {
			isa = PBXFrameworksBuildPhase;
			buildActionMask = 2147483647;
			files = (
				E4EB6799138ADC1D00A09F29 /* GLUT.framework in Frameworks */,
				E4328149138ABC9F0047C5CB /* openFrameworksDebug.a in Frameworks */,
				E45BE97B0E8CC7DD009D7055 /* AGL.framework in Frameworks */,
				E45BE97C0E8CC7DD009D7055 /* ApplicationServices.framework in Frameworks */,
				E45BE97D0E8CC7DD009D7055 /* AudioToolbox.framework in Frameworks */,
				E45BE97E0E8CC7DD009D7055 /* Carbon.framework in Frameworks */,
				E45BE97F0E8CC7DD009D7055 /* CoreAudio.framework in Frameworks */,
				E45BE9800E8CC7DD009D7055 /* CoreFoundation.framework in Frameworks */,
				E45BE9810E8CC7DD009D7055 /* CoreServices.framework in Frameworks */,
				E45BE9830E8CC7DD009D7055 /* OpenGL.framework in Frameworks */,
				E45BE9840E8CC7DD009D7055 /* QuickTime.framework in Frameworks */,
				E4C2424710CC5A17004149E2 /* AppKit.framework in Frameworks */,
				E4C2424810CC5A17004149E2 /* Cocoa.framework in Frameworks */,
				E4C2424910CC5A17004149E2 /* IOKit.framework in Frameworks */,
				FD2EEC8E1733D90B00D10111 /* QTKit.framework in Frameworks */,
				FD2EEC901733D91A00D10111 /* CoreVideo.framework in Frameworks */,
				FD2EEC921733D93F00D10111 /* Accelerate.framework in Frameworks */,
				FD2EEC941733D94A00D10111 /* AppKit.framework in Frameworks */,
			);
			runOnlyForDeploymentPostprocessing = 0;
		};
/* End PBXFrameworksBuildPhase section */

/* Begin PBXGroup section */
		119F52EF14B371DD00FE1C92 /* ofxLeastSquares */ = {
			isa = PBXGroup;
			children = (
				119F52F014B371DD00FE1C92 /* src */,
			);
			path = ofxLeastSquares;
			sourceTree = "<group>";
		};
		119F52F014B371DD00FE1C92 /* src */ = {
			isa = PBXGroup;
			children = (
				119F52F114B371DD00FE1C92 /* ofxLeastSquares.cpp */,
				119F52F214B371DD00FE1C92 /* ofxLeastSquares.h */,
			);
			path = src;
			sourceTree = "<group>";
		};
		BB4B014C10F69532006C3DED /* addons */ = {
			isa = PBXGroup;
			children = (
				FD2EEC561733D83200D10111 /* ofxOsc */,
				E2338C2E147A5DE000173D89 /* ofxDirList */,
				E2338C20147A5DB600173D89 /* ofxXmlSettings */,
				E2338C14147A5D9600173D89 /* ofxVectorMath */,
				d25ed262554e8f281794adead3c706ad /* ofxOpenCv */,
			);
			name = addons;
			sourceTree = "<group>";
		};
		BBAB23C913894ECA00AA2426 /* system frameworks */ = {
			isa = PBXGroup;
			children = (
				FD2EEC931733D94A00D10111 /* AppKit.framework */,
				FD2EEC911733D93F00D10111 /* Accelerate.framework */,
				FD2EEC8F1733D91A00D10111 /* CoreVideo.framework */,
				FD2EEC8D1733D90B00D10111 /* QTKit.framework */,
				E4C2424410CC5A17004149E2 /* AppKit.framework */,
				E4C2424510CC5A17004149E2 /* Cocoa.framework */,
				E4C2424610CC5A17004149E2 /* IOKit.framework */,
				E45BE9710E8CC7DD009D7055 /* AGL.framework */,
				E45BE9720E8CC7DD009D7055 /* ApplicationServices.framework */,
				E45BE9730E8CC7DD009D7055 /* AudioToolbox.framework */,
				E45BE9740E8CC7DD009D7055 /* Carbon.framework */,
				E45BE9750E8CC7DD009D7055 /* CoreAudio.framework */,
				E45BE9760E8CC7DD009D7055 /* CoreFoundation.framework */,
				E45BE9770E8CC7DD009D7055 /* CoreServices.framework */,
				E45BE9790E8CC7DD009D7055 /* OpenGL.framework */,
				E45BE97A0E8CC7DD009D7055 /* QuickTime.framework */,
			);
			name = "system frameworks";
			sourceTree = "<group>";
		};
		BBAB23CA13894EDB00AA2426 /* 3rd party frameworks */ = {
			isa = PBXGroup;
			children = (
				BBAB23BE13894E4700AA2426 /* GLUT.framework */,
			);
			name = "3rd party frameworks";
			sourceTree = "<group>";
		};
		E2338BBF147A5D2600173D89 /* utils */ = {
			isa = PBXGroup;
			children = (
				119F52EF14B371DD00FE1C92 /* ofxLeastSquares */,
				E2338BC5147A5D2600173D89 /* ofxControlPanel */,
			);
			path = utils;
			sourceTree = "<group>";
		};
		E2338BC5147A5D2600173D89 /* ofxControlPanel */ = {
			isa = PBXGroup;
			children = (
				E2338BC6147A5D2600173D89 /* guiBaseObject.h */,
				E2338BC7147A5D2600173D89 /* guiColor.h */,
				E2338BC8147A5D2600173D89 /* guiCustomImpl.h */,
				E2338BC9147A5D2600173D89 /* guiIncludes.h */,
				E2338BCA147A5D2600173D89 /* guiTextBase.h */,
				E2338BCB147A5D2600173D89 /* guiType2DSlider.h */,
				E2338BCC147A5D2600173D89 /* guiTypeCustom.h */,
				E2338BCD147A5D2600173D89 /* guiTypeDrawable.h */,
				E2338BCE147A5D2600173D89 /* guiTypeFileLister.h */,
				E2338BCF147A5D2600173D89 /* guiTypeLogger.h */,
				E2338BD0147A5D2600173D89 /* guiTypeMultiToggle.h */,
				E2338BD1147A5D2600173D89 /* guiTypePanel.h */,
				E2338BD2147A5D2600173D89 /* guiTypeSlider.h */,
				E2338BD3147A5D2600173D89 /* guiTypeText.h */,
				E2338BD4147A5D2600173D89 /* guiTypeToggle.h */,
				E2338BD5147A5D2600173D89 /* guiValue.h */,
				E2338BD6147A5D2600173D89 /* guiXmlValue.h */,
				E2338BD7147A5D2600173D89 /* ofxControlPanel.cpp */,
				E2338BD8147A5D2600173D89 /* ofxControlPanel.h */,
				E2338BD9147A5D2600173D89 /* simpleColor.h */,
				E2338BDA147A5D2600173D89 /* simpleFileLister.h */,
				E2338BDB147A5D2600173D89 /* simpleLogger.h */,
			);
			path = ofxControlPanel;
			sourceTree = "<group>";
		};
		E2338C14147A5D9600173D89 /* ofxVectorMath */ = {
			isa = PBXGroup;
			children = (
				E2338C15147A5D9600173D89 /* src */,
			);
			name = ofxVectorMath;
			path = ../../../addons/ofxVectorMath;
			sourceTree = "<group>";
		};
		E2338C15147A5D9600173D89 /* src */ = {
			isa = PBXGroup;
			children = (
				E2338C16147A5D9600173D89 /* ofxMatrix3x3.h */,
				E2338C17147A5D9600173D89 /* ofxMatrix4x4.h */,
				E2338C18147A5D9600173D89 /* ofxPoint2f.h */,
				E2338C19147A5D9600173D89 /* ofxPoint3f.h */,
				E2338C1A147A5D9600173D89 /* ofxPoint4f.h */,
				E2338C1B147A5D9600173D89 /* ofxQuaternion.h */,
				E2338C1C147A5D9600173D89 /* ofxVec2f.h */,
				E2338C1D147A5D9600173D89 /* ofxVec3f.h */,
				E2338C1E147A5D9600173D89 /* ofxVec4f.h */,
				E2338C1F147A5D9600173D89 /* ofxVectorMath.h */,
			);
			path = src;
			sourceTree = "<group>";
		};
		E2338C20147A5DB600173D89 /* ofxXmlSettings */ = {
			isa = PBXGroup;
			children = (
				E2338C21147A5DB600173D89 /* install.xml */,
				E2338C22147A5DB600173D89 /* libs */,
				E2338C27147A5DB600173D89 /* src */,
			);
			name = ofxXmlSettings;
			path = ../../../addons/ofxXmlSettings;
			sourceTree = "<group>";
		};
		E2338C22147A5DB600173D89 /* libs */ = {
			isa = PBXGroup;
			children = (
				E2338C23147A5DB600173D89 /* tinyxml.cpp */,
				E2338C24147A5DB600173D89 /* tinyxml.h */,
				E2338C25147A5DB600173D89 /* tinyxmlerror.cpp */,
				E2338C26147A5DB600173D89 /* tinyxmlparser.cpp */,
			);
			path = libs;
			sourceTree = "<group>";
		};
		E2338C27147A5DB600173D89 /* src */ = {
			isa = PBXGroup;
			children = (
				E2338C28147A5DB600173D89 /* ofxXmlSettings.cpp */,
				E2338C29147A5DB600173D89 /* ofxXmlSettings.h */,
			);
			path = src;
			sourceTree = "<group>";
		};
		E2338C2E147A5DE000173D89 /* ofxDirList */ = {
			isa = PBXGroup;
			children = (
				E2338C2F147A5DE000173D89 /* doc */,
				E2338C31147A5DE000173D89 /* install.xml */,
				E2338C32147A5DE000173D89 /* src */,
			);
			name = ofxDirList;
			path = ../../../addons/ofxDirList;
			sourceTree = "<group>";
		};
		E2338C2F147A5DE000173D89 /* doc */ = {
			isa = PBXGroup;
			children = (
				E2338C30147A5DE000173D89 /* Instructions.txt */,
			);
			path = doc;
			sourceTree = "<group>";
		};
		E2338C32147A5DE000173D89 /* src */ = {
			isa = PBXGroup;
			children = (
				E2338C33147A5DE000173D89 /* ofxDirList.h */,
			);
			path = src;
			sourceTree = "<group>";
		};
		E28FC7A414B397EB00C62C04 /* buttons */ = {
			isa = PBXGroup;
			children = (
				E28FC7A514B397EB00C62C04 /* buttonRect.cpp */,
				E28FC7A614B397EB00C62C04 /* buttonRect.h */,
				E28FC7A714B397EB00C62C04 /* buttonState.h */,
				E28FC7A814B397EB00C62C04 /* buttonStateManager.cpp */,
				E28FC7A914B397EB00C62C04 /* buttonStateManager.h */,
				E28FC7AA14B397EB00C62C04 /* buttonToggle.cpp */,
				E28FC7AB14B397EB00C62C04 /* buttonToggle.h */,
				E28FC7AC14B397EB00C62C04 /* buttonTrigger.cpp */,
				E28FC7AD14B397EB00C62C04 /* buttonTrigger.h */,
			);
			path = buttons;
			sourceTree = "<group>";
		};
		E28FC7AE14B397EB00C62C04 /* scenes */ = {
			isa = PBXGroup;
			children = (
				E28FC7B114B397EB00C62C04 /* eyePlotter */,
				E28FC7AF14B397EB00C62C04 /* baseScene.cpp */,
				E28FC7B014B397EB00C62C04 /* baseScene.h */,
				E28FC7CD14B397EB00C62C04 /* eyePlotterTestApp.cpp */,
				E28FC7CE14B397EB00C62C04 /* eyePlotterTestApp.h */,
				E28FC7CF14B397EB00C62C04 /* pongScene.cpp */,
				E28FC7D014B397EB00C62C04 /* pongScene.h */,
				E28FC7D114B397EB00C62C04 /* saverScene.cpp */,
				E28FC7D214B397EB00C62C04 /* saverScene.h */,
				E28FC7D314B397EB00C62C04 /* speak.h */,
				E28FC7D414B397EB00C62C04 /* speak.m */,
				E2AC662214B76B6700E65D0D /* testingScene.cpp */,
				E2AC662414B76B9700E65D0D /* testingScene.h */,
				E28FC7D514B397EB00C62C04 /* typingScene.cpp */,
				E28FC7D614B397EB00C62C04 /* typingScene.h */,
				E271ED8614B69272006C4795 /* eyeOsc.cpp */,
				E271ED8814B69284006C4795 /* eyeOsc.h */,
			);
			path = scenes;
			sourceTree = "<group>";
		};
		E28FC7B114B397EB00C62C04 /* eyePlotter */ = {
			isa = PBXGroup;
			children = (
				E28FC7B214B397EB00C62C04 /* defines.h */,
				E28FC7B314B397EB00C62C04 /* drawingScene.cpp */,
				E28FC7B414B397EB00C62C04 /* drawingScene.h */,
				E28FC7B514B397EB00C62C04 /* manipulationScene.cpp */,
				E28FC7B614B397EB00C62C04 /* manipulationScene.h */,
				E28FC7B714B397EB00C62C04 /* strokes */,
				E28FC7C414B397EB00C62C04 /* styleScene.cpp */,
				E28FC7C514B397EB00C62C04 /* styleScene.h */,
				E28FC7C614B397EB00C62C04 /* styling */,
			);
			path = eyePlotter;
			sourceTree = "<group>";
		};
		E28FC7B714B397EB00C62C04 /* strokes */ = {
			isa = PBXGroup;
			children = (
				E28FC7B814B397EB00C62C04 /* groupCollection.cpp */,
				E28FC7B914B397EB00C62C04 /* groupCollection.h */,
				E28FC7BA14B397EB00C62C04 /* stroke.cpp */,
				E28FC7BB14B397EB00C62C04 /* stroke.h */,
				E28FC7BC14B397EB00C62C04 /* strokeGroup.cpp */,
				E28FC7BD14B397EB00C62C04 /* strokeGroup.h */,
				E28FC7BE14B397EB00C62C04 /* strokePoint.cpp */,
				E28FC7BF14B397EB00C62C04 /* strokePoint.h */,
				E28FC7C014B397EB00C62C04 /* strokeThumbnails.cpp */,
				E28FC7C114B397EB00C62C04 /* strokeThumbnails.h */,
				E28FC7C214B397EB00C62C04 /* strokeUtils.cpp */,
				E28FC7C314B397EB00C62C04 /* strokeUtils.h */,
			);
			path = strokes;
			sourceTree = "<group>";
		};
		E28FC7C614B397EB00C62C04 /* styling */ = {
			isa = PBXGroup;
			children = (
				E28FC7C714B397EB00C62C04 /* colorChooser.cpp */,
				E28FC7C814B397EB00C62C04 /* colorChooser.h */,
				E28FC7C914B397EB00C62C04 /* groupStyle.cpp */,
				E28FC7CA14B397EB00C62C04 /* groupStyle.h */,
				E28FC7CB14B397EB00C62C04 /* renderManager.cpp */,
				E28FC7CC14B397EB00C62C04 /* renderManager.h */,
			);
			path = styling;
			sourceTree = "<group>";
		};
		E28FC7D714B397EB00C62C04 /* tracking */ = {
			isa = PBXGroup;
			children = (
				E28FC7D814B397EB00C62C04 /* calibration */,
				E28FC7E014B397EB00C62C04 /* eyeTracker.cpp */,
				E28FC7E114B397EB00C62C04 /* eyeTracker.h */,
				E28FC7E214B397EB00C62C04 /* FitEllipse.cpp */,
				E28FC7E314B397EB00C62C04 /* FitEllipse.h */,
				E28FC7E414B397EB00C62C04 /* inputManager.cpp */,
				E28FC7E514B397EB00C62C04 /* inputManager.h */,
				E28FC7E614B397EB00C62C04 /* ofxCvGrayscaleAdvanced.cpp */,
				E28FC7E714B397EB00C62C04 /* ofxCvGrayscaleAdvanced.h */,
				E28FC7E814B397EB00C62C04 /* trackingManager.cpp */,
				E28FC7E914B397EB00C62C04 /* trackingManager.h */,
			);
			path = tracking;
			sourceTree = "<group>";
		};
		E28FC7D814B397EB00C62C04 /* calibration */ = {
			isa = PBXGroup;
			children = (
				E28FC7D914B397EB00C62C04 /* calibrationFileSaver.cpp */,
				E28FC7DA14B397EB00C62C04 /* calibrationFileSaver.h */,
				E28FC7DB14B397EB00C62C04 /* calibrationManager.cpp */,
				E28FC7DC14B397EB00C62C04 /* calibrationManager.h */,
				E28FC7DD14B397EB00C62C04 /* calibrationManager_controlPanel.cpp */,
				E28FC7DE14B397EB00C62C04 /* pointFitter.cpp */,
				E28FC7DF14B397EB00C62C04 /* pointFitter.h */,
			);
			path = calibration;
			sourceTree = "<group>";
		};
		E4328144138ABC890047C5CB /* Products */ = {
			isa = PBXGroup;
			children = (
				E4328148138ABC890047C5CB /* openFrameworksDebug.a */,
			);
			name = Products;
			sourceTree = "<group>";
		};
		E45BE5980E8CC70C009D7055 /* frameworks */ = {
			isa = PBXGroup;
			children = (
				BBAB23CA13894EDB00AA2426 /* 3rd party frameworks */,
				BBAB23C913894ECA00AA2426 /* system frameworks */,
			);
			name = frameworks;
			sourceTree = "<group>";
		};
		E4B69B4A0A3A1720003C02F2 = {
			isa = PBXGroup;
			children = (
				E4B6FCAD0C3E899E008CF71C /* openFrameworks-Info.plist */,
				E4EB6923138AFD0F00A09F29 /* Project.xcconfig */,
				E4B69E1C0A3A1BDC003C02F2 /* src */,
				E4EEC9E9138DF44700A80321 /* openFrameworks */,
				BB4B014C10F69532006C3DED /* addons */,
				E45BE5980E8CC70C009D7055 /* frameworks */,
				E4B69B5B0A3A1756003C02F2 /* temptTracker021Debug.app */,
			);
			sourceTree = "<group>";
		};
		E4B69E1C0A3A1BDC003C02F2 /* src */ = {
			isa = PBXGroup;
			children = (
				E28FC7A414B397EB00C62C04 /* buttons */,
				E28FC7AE14B397EB00C62C04 /* scenes */,
				E28FC7D714B397EB00C62C04 /* tracking */,
				E2338BBF147A5D2600173D89 /* utils */,
				E4B69E1D0A3A1BDC003C02F2 /* main.cpp */,
				E4B69E1E0A3A1BDC003C02F2 /* testApp.cpp */,
				E4B69E1F0A3A1BDC003C02F2 /* testApp.h */,
			);
			path = src;
			sourceTree = SOURCE_ROOT;
		};
		E4EEC9E9138DF44700A80321 /* openFrameworks */ = {
			isa = PBXGroup;
			children = (
				E4EB691F138AFCF100A09F29 /* CoreOF.xcconfig */,
				E4328143138ABC890047C5CB /* openFrameworksLib.xcodeproj */,
			);
			name = openFrameworks;
			sourceTree = "<group>";
		};
		FD2EEC561733D83200D10111 /* ofxOsc */ = {
			isa = PBXGroup;
			children = (
				FD2EEC571733D83200D10111 /* install.xml */,
				FD2EEC581733D83200D10111 /* libs */,
				FD2EEC751733D83200D10111 /* src */,
			);
			name = ofxOsc;
			path = ../../../addons/ofxOsc;
			sourceTree = "<group>";
		};
		FD2EEC581733D83200D10111 /* libs */ = {
			isa = PBXGroup;
			children = (
				FD2EEC591733D83200D10111 /* oscpack */,
			);
			path = libs;
			sourceTree = "<group>";
		};
		FD2EEC591733D83200D10111 /* oscpack */ = {
			isa = PBXGroup;
			children = (
				FD2EEC5A1733D83200D10111 /* src */,
			);
			path = oscpack;
			sourceTree = "<group>";
		};
		FD2EEC5A1733D83200D10111 /* src */ = {
			isa = PBXGroup;
			children = (
				FD2EEC5B1733D83200D10111 /* ip */,
				FD2EEC681733D83200D10111 /* osc */,
			);
			path = src;
			sourceTree = "<group>";
		};
		FD2EEC5B1733D83200D10111 /* ip */ = {
			isa = PBXGroup;
			children = (
				FD2EEC5C1733D83200D10111 /* IpEndpointName.cpp */,
				FD2EEC5D1733D83200D10111 /* IpEndpointName.h */,
				FD2EEC5E1733D83200D10111 /* NetworkingUtils.h */,
				FD2EEC5F1733D83200D10111 /* PacketListener.h */,
				FD2EEC601733D83200D10111 /* posix */,
				FD2EEC631733D83200D10111 /* TimerListener.h */,
				FD2EEC641733D83200D10111 /* UdpSocket.h */,
				FD2EEC651733D83200D10111 /* win32 */,
			);
			path = ip;
			sourceTree = "<group>";
		};
		FD2EEC601733D83200D10111 /* posix */ = {
			isa = PBXGroup;
			children = (
				FD2EEC611733D83200D10111 /* NetworkingUtils.cpp */,
				FD2EEC621733D83200D10111 /* UdpSocket.cpp */,
			);
			path = posix;
			sourceTree = "<group>";
		};
		FD2EEC651733D83200D10111 /* win32 */ = {
			isa = PBXGroup;
			children = (
				FD2EEC661733D83200D10111 /* NetworkingUtilsWin.cpp */,
				FD2EEC671733D83200D10111 /* UdpSocketWin.cpp */,
			);
			path = win32;
			sourceTree = "<group>";
		};
		FD2EEC681733D83200D10111 /* osc */ = {
			isa = PBXGroup;
			children = (
				FD2EEC691733D83200D10111 /* MessageMappingOscPacketListener.h */,
				FD2EEC6A1733D83200D10111 /* OscException.h */,
				FD2EEC6B1733D83200D10111 /* OscHostEndianness.h */,
				FD2EEC6C1733D83200D10111 /* OscOutboundPacketStream.cpp */,
				FD2EEC6D1733D83200D10111 /* OscOutboundPacketStream.h */,
				FD2EEC6E1733D83200D10111 /* OscPacketListener.h */,
				FD2EEC6F1733D83200D10111 /* OscPrintReceivedElements.cpp */,
				FD2EEC701733D83200D10111 /* OscPrintReceivedElements.h */,
				FD2EEC711733D83200D10111 /* OscReceivedElements.cpp */,
				FD2EEC721733D83200D10111 /* OscReceivedElements.h */,
				FD2EEC731733D83200D10111 /* OscTypes.cpp */,
				FD2EEC741733D83200D10111 /* OscTypes.h */,
			);
			path = osc;
			sourceTree = "<group>";
		};
		FD2EEC751733D83200D10111 /* src */ = {
			isa = PBXGroup;
			children = (
				FD2EEC761733D83200D10111 /* ofxOsc.h */,
				FD2EEC771733D83200D10111 /* ofxOscArg.h */,
				FD2EEC781733D83200D10111 /* ofxOscBundle.cpp */,
				FD2EEC791733D83200D10111 /* ofxOscBundle.h */,
				FD2EEC7A1733D83200D10111 /* ofxOscMessage.cpp */,
				FD2EEC7B1733D83200D10111 /* ofxOscMessage.h */,
				FD2EEC7C1733D83200D10111 /* ofxOscReceiver.cpp */,
				FD2EEC7D1733D83200D10111 /* ofxOscReceiver.h */,
				FD2EEC7E1733D83200D10111 /* ofxOscSender.cpp */,
				FD2EEC7F1733D83200D10111 /* ofxOscSender.h */,
			);
			path = src;
			sourceTree = "<group>";
		};
		c756caafd542831674e15fe662490682 /* src */ = {
			isa = PBXGroup;
			children = (
				603f2267d449084a4187a04928d2d713 /* ofxCvBlob.h */,
				ce9c7160245b19131dae61282ee6cb53 /* ofxCvColorImage.cpp */,
				d5bb6f0357b6422e1b1656b47b78dcdf /* ofxCvColorImage.h */,
				8e79cf8911dfabafe23ea45b335d18dd /* ofxCvConstants.h */,
				c76de5c29bdbd2caa1dd0021a7376220 /* ofxCvContourFinder.cpp */,
				c1c56d20a1a57dc44096bfe709100d93 /* ofxCvContourFinder.h */,
				7b6a03390302d5a2c9f0e4ab630ae8d6 /* ofxCvFloatImage.cpp */,
				f7269f96ac34a2b44a680d0371903a25 /* ofxCvFloatImage.h */,
				057122a817d12571f8c0c7a4d522b879 /* ofxCvGrayscaleImage.cpp */,
				9a048549f08c6dffa79e6def6eeedb50 /* ofxCvGrayscaleImage.h */,
				c6151136d101f857dae12722e3c42f4a /* ofxCvImage.cpp */,
				d847ebe484f4f500f9cf25492c7beddc /* ofxCvImage.h */,
				9a16cbf2e8cfe43af54fe6f55efbf8a4 /* ofxCvHaarFinder.cpp */,
				516717f84c0146512c47a3ec3f268851 /* ofxCvHaarFinder.h */,
				3c232045833313b99efe0b14840b6108 /* ofxCvMain.h */,
				8a4dd23693dfab8ec05faa5d62c49d8c /* ofxCvShortImage.cpp */,
				dea2edc0afd59176fdedc222f646a8af /* ofxCvShortImage.h */,
				ce81a5e39eb3c871fdf3d4d531ccdf12 /* ofxOpenCv.h */,
			);
			name = src;
			sourceTree = "<group>";
		};
		d25ed262554e8f281794adead3c706ad /* ofxOpenCv */ = {
			isa = PBXGroup;
			children = (
				c756caafd542831674e15fe662490682 /* src */,
			);
			name = ofxOpenCv;
			sourceTree = "<group>";
		};
/* End PBXGroup section */

/* Begin PBXNativeTarget section */
		E4B69B5A0A3A1756003C02F2 /* temptTracker021 */ = {
			isa = PBXNativeTarget;
			buildConfigurationList = E4B69B5F0A3A1757003C02F2 /* Build configuration list for PBXNativeTarget "temptTracker021" */;
			buildPhases = (
				E4B69B580A3A1756003C02F2 /* Sources */,
				E4B69B590A3A1756003C02F2 /* Frameworks */,
				E4B6FFFD0C3F9AB9008CF71C /* ShellScript */,
				E4C2427710CC5ABF004149E2 /* CopyFiles */,
			);
			buildRules = (
			);
			dependencies = (
				E4EEB9AC138B136A00A80321 /* PBXTargetDependency */,
			);
			name = temptTracker021;
			productName = myOFApp;
			productReference = E4B69B5B0A3A1756003C02F2 /* temptTracker021Debug.app */;
			productType = "com.apple.product-type.application";
		};
/* End PBXNativeTarget section */

/* Begin PBXProject section */
		E4B69B4C0A3A1720003C02F2 /* Project object */ = {
			isa = PBXProject;
			buildConfigurationList = E4B69B4D0A3A1720003C02F2 /* Build configuration list for PBXProject "temptTracker021" */;
			compatibilityVersion = "Xcode 2.4";
			developmentRegion = English;
			hasScannedForEncodings = 0;
			knownRegions = (
				English,
				Japanese,
				French,
				German,
			);
			mainGroup = E4B69B4A0A3A1720003C02F2;
			productRefGroup = E4B69B4A0A3A1720003C02F2;
			projectDirPath = "";
			projectReferences = (
				{
					ProductGroup = E4328144138ABC890047C5CB /* Products */;
					ProjectRef = E4328143138ABC890047C5CB /* openFrameworksLib.xcodeproj */;
				},
			);
			projectRoot = "";
			targets = (
				E4B69B5A0A3A1756003C02F2 /* temptTracker021 */,
			);
		};
/* End PBXProject section */

/* Begin PBXReferenceProxy section */
		E4328148138ABC890047C5CB /* openFrameworksDebug.a */ = {
			isa = PBXReferenceProxy;
			fileType = archive.ar;
			path = openFrameworksDebug.a;
			remoteRef = E4328147138ABC890047C5CB /* PBXContainerItemProxy */;
			sourceTree = BUILT_PRODUCTS_DIR;
		};
/* End PBXReferenceProxy section */

/* Begin PBXShellScriptBuildPhase section */
		E4B6FFFD0C3F9AB9008CF71C /* ShellScript */ = {
			isa = PBXShellScriptBuildPhase;
			buildActionMask = 2147483647;
			files = (
			);
			inputPaths = (
			);
			outputPaths = (
			);
			runOnlyForDeploymentPostprocessing = 0;
			shellPath = /bin/sh;
			shellScript = "cp -f ../../../libs/fmodex/lib/osx/libfmodex.dylib \"$TARGET_BUILD_DIR/$PRODUCT_NAME.app/Contents/MacOS/libfmodex.dylib\"; install_name_tool -change ./libfmodex.dylib @executable_path/libfmodex.dylib \"$TARGET_BUILD_DIR/$PRODUCT_NAME.app/Contents/MacOS/$PRODUCT_NAME\";";
		};
/* End PBXShellScriptBuildPhase section */

/* Begin PBXSourcesBuildPhase section */
		E4B69B580A3A1756003C02F2 /* Sources */ = {
			isa = PBXSourcesBuildPhase;
			buildActionMask = 2147483647;
			files = (
				E4B69E200A3A1BDC003C02F2 /* main.cpp in Sources */,
				E4B69E210A3A1BDC003C02F2 /* testApp.cpp in Sources */,
				259da76c028adaa20996723e102a6ccd /* ofxCvColorImage.cpp in Sources */,
				d88d764a83ef6141a37bfd8a797dc59d /* ofxCvContourFinder.cpp in Sources */,
				ac59cecc06d479990bb40dc4b6e8d708 /* ofxCvFloatImage.cpp in Sources */,
				134078e8f8f4f24368b31f26166fec03 /* ofxCvGrayscaleImage.cpp in Sources */,
				dbf87635ae30aae223f0609e6ee16e2f /* ofxCvImage.cpp in Sources */,
				7829c785a0dd56718cb46bcc3b066ff1 /* ofxCvHaarFinder.cpp in Sources */,
				0b2e55fee13134ce9b57d3bffd6d5dab /* ofxCvShortImage.cpp in Sources */,
				E2338C13147A5D2600173D89 /* ofxControlPanel.cpp in Sources */,
				E2338C2A147A5DB600173D89 /* tinyxml.cpp in Sources */,
				E2338C2B147A5DB600173D89 /* tinyxmlerror.cpp in Sources */,
				E2338C2C147A5DB600173D89 /* tinyxmlparser.cpp in Sources */,
				E2338C2D147A5DB600173D89 /* ofxXmlSettings.cpp in Sources */,
				119F52F314B371DD00FE1C92 /* ofxLeastSquares.cpp in Sources */,
				E28FC7EA14B397EB00C62C04 /* buttonRect.cpp in Sources */,
				E28FC7EB14B397EB00C62C04 /* buttonStateManager.cpp in Sources */,
				E28FC7EC14B397EB00C62C04 /* buttonToggle.cpp in Sources */,
				E28FC7ED14B397EB00C62C04 /* buttonTrigger.cpp in Sources */,
				E28FC7EE14B397EB00C62C04 /* baseScene.cpp in Sources */,
				E28FC7EF14B397EB00C62C04 /* drawingScene.cpp in Sources */,
				E28FC7F014B397EB00C62C04 /* manipulationScene.cpp in Sources */,
				E28FC7F114B397EB00C62C04 /* groupCollection.cpp in Sources */,
				E28FC7F214B397EB00C62C04 /* stroke.cpp in Sources */,
				E28FC7F314B397EB00C62C04 /* strokeGroup.cpp in Sources */,
				E28FC7F414B397EB00C62C04 /* strokePoint.cpp in Sources */,
				E28FC7F514B397EB00C62C04 /* strokeThumbnails.cpp in Sources */,
				E28FC7F614B397EB00C62C04 /* strokeUtils.cpp in Sources */,
				E28FC7F714B397EB00C62C04 /* styleScene.cpp in Sources */,
				E28FC7F814B397EB00C62C04 /* colorChooser.cpp in Sources */,
				E28FC7F914B397EB00C62C04 /* groupStyle.cpp in Sources */,
				E28FC7FA14B397EB00C62C04 /* renderManager.cpp in Sources */,
				E28FC7FB14B397EB00C62C04 /* eyePlotterTestApp.cpp in Sources */,
				E28FC7FC14B397EB00C62C04 /* pongScene.cpp in Sources */,
				E28FC7FD14B397EB00C62C04 /* saverScene.cpp in Sources */,
				E28FC7FE14B397EB00C62C04 /* speak.m in Sources */,
				E28FC7FF14B397EB00C62C04 /* typingScene.cpp in Sources */,
				E28FC80014B397EB00C62C04 /* calibrationFileSaver.cpp in Sources */,
				E28FC80114B397EB00C62C04 /* calibrationManager.cpp in Sources */,
				E28FC80214B397EB00C62C04 /* calibrationManager_controlPanel.cpp in Sources */,
				E28FC80314B397EB00C62C04 /* pointFitter.cpp in Sources */,
				E28FC80414B397EB00C62C04 /* eyeTracker.cpp in Sources */,
				E28FC80514B397EB00C62C04 /* FitEllipse.cpp in Sources */,
				E28FC80614B397EB00C62C04 /* inputManager.cpp in Sources */,
				E28FC80714B397EB00C62C04 /* ofxCvGrayscaleAdvanced.cpp in Sources */,
				E28FC80814B397EB00C62C04 /* trackingManager.cpp in Sources */,
				E271ED8714B69272006C4795 /* eyeOsc.cpp in Sources */,
				E2AC662314B76B6700E65D0D /* testingScene.cpp in Sources */,
				FD2EEC801733D83200D10111 /* IpEndpointName.cpp in Sources */,
				FD2EEC811733D83200D10111 /* NetworkingUtils.cpp in Sources */,
				FD2EEC821733D83200D10111 /* UdpSocket.cpp in Sources */,
				FD2EEC831733D83200D10111 /* NetworkingUtilsWin.cpp in Sources */,
				FD2EEC841733D83200D10111 /* UdpSocketWin.cpp in Sources */,
				FD2EEC851733D83200D10111 /* OscOutboundPacketStream.cpp in Sources */,
				FD2EEC861733D83200D10111 /* OscPrintReceivedElements.cpp in Sources */,
				FD2EEC871733D83200D10111 /* OscReceivedElements.cpp in Sources */,
				FD2EEC881733D83200D10111 /* OscTypes.cpp in Sources */,
				FD2EEC891733D83200D10111 /* ofxOscBundle.cpp in Sources */,
				FD2EEC8A1733D83200D10111 /* ofxOscMessage.cpp in Sources */,
				FD2EEC8B1733D83200D10111 /* ofxOscReceiver.cpp in Sources */,
				FD2EEC8C1733D83200D10111 /* ofxOscSender.cpp in Sources */,
			);
			runOnlyForDeploymentPostprocessing = 0;
		};
/* End PBXSourcesBuildPhase section */

/* Begin PBXTargetDependency section */
		E4EEB9AC138B136A00A80321 /* PBXTargetDependency */ = {
			isa = PBXTargetDependency;
			name = openFrameworks;
			targetProxy = E4EEB9AB138B136A00A80321 /* PBXContainerItemProxy */;
		};
/* End PBXTargetDependency section */

/* Begin XCBuildConfiguration section */
		E4B69B4E0A3A1720003C02F2 /* Debug */ = {
			isa = XCBuildConfiguration;
			baseConfigurationReference = E4EB6923138AFD0F00A09F29 /* Project.xcconfig */;
			buildSettings = {
				ARCHS = "$(NATIVE_ARCH)";
				CONFIGURATION_BUILD_DIR = "$(SRCROOT)/bin/";
				COPY_PHASE_STRIP = NO;
				DEAD_CODE_STRIPPING = YES;
				GCC_AUTO_VECTORIZATION = YES;
				GCC_ENABLE_SSE3_EXTENSIONS = YES;
				GCC_ENABLE_SUPPLEMENTAL_SSE3_INSTRUCTIONS = YES;
				GCC_INLINES_ARE_PRIVATE_EXTERN = NO;
				GCC_MODEL_TUNING = G5;
				GCC_SYMBOLS_PRIVATE_EXTERN = NO;
				GCC_WARN_ABOUT_DEPRECATED_FUNCTIONS = NO;
				GCC_WARN_ABOUT_INVALID_OFFSETOF_MACRO = NO;
				GCC_WARN_ALLOW_INCOMPLETE_PROTOCOL = NO;
				GCC_WARN_UNINITIALIZED_AUTOS = NO;
				GCC_WARN_UNUSED_VALUE = NO;
				GCC_WARN_UNUSED_VARIABLE = NO;
				HEADER_SEARCH_PATHS = (
					"$(OF_CORE_HEADERS)",
					"$(OF_PATH)/addons/ofxOpenCv/src",
					"$(OF_PATH)/addons/ofxOpenCv/libs/opencv/include",
					"$(OF_PATH)/addons/ofxOpenCv/libs/opencv/include/opencv",
					"$(OF_PATH)/addons/ofxOsc/**",
				);
				OTHER_CPLUSPLUSFLAGS = (
					"-D__MACOSX_CORE__",
					"-lpthread",
				);
			};
			name = Debug;
		};
		E4B69B4F0A3A1720003C02F2 /* Release */ = {
			isa = XCBuildConfiguration;
			baseConfigurationReference = E4EB6923138AFD0F00A09F29 /* Project.xcconfig */;
			buildSettings = {
				ARCHS = "$(NATIVE_ARCH)";
				CONFIGURATION_BUILD_DIR = "$(SRCROOT)/bin/";
				COPY_PHASE_STRIP = YES;
				DEAD_CODE_STRIPPING = YES;
				GCC_AUTO_VECTORIZATION = YES;
				GCC_ENABLE_SSE3_EXTENSIONS = YES;
				GCC_ENABLE_SUPPLEMENTAL_SSE3_INSTRUCTIONS = YES;
				GCC_INLINES_ARE_PRIVATE_EXTERN = NO;
				GCC_MODEL_TUNING = G5;
				GCC_OPTIMIZATION_LEVEL = 3;
				GCC_SYMBOLS_PRIVATE_EXTERN = NO;
				GCC_UNROLL_LOOPS = YES;
				GCC_WARN_ABOUT_DEPRECATED_FUNCTIONS = NO;
				GCC_WARN_ABOUT_INVALID_OFFSETOF_MACRO = NO;
				GCC_WARN_ALLOW_INCOMPLETE_PROTOCOL = NO;
				GCC_WARN_UNINITIALIZED_AUTOS = NO;
				GCC_WARN_UNUSED_VALUE = NO;
				GCC_WARN_UNUSED_VARIABLE = NO;
				HEADER_SEARCH_PATHS = (
					"$(OF_CORE_HEADERS)",
					"$(OF_PATH)/addons/ofxOpenCv/src",
					"$(OF_PATH)/addons/ofxOpenCv/libs/opencv/include",
					"$(OF_PATH)/addons/ofxOpenCv/libs/opencv/include/opencv",
					"$(OF_PATH)/addons/ofxOsc/**",
				);
				OTHER_CPLUSPLUSFLAGS = (
					"-D__MACOSX_CORE__",
					"-lpthread",
				);
			};
			name = Release;
		};
		E4B69B600A3A1757003C02F2 /* Debug */ = {
			isa = XCBuildConfiguration;
			buildSettings = {
				COPY_PHASE_STRIP = NO;
				FRAMEWORK_SEARCH_PATHS = (
					"$(inherited)",
					"$(FRAMEWORK_SEARCH_PATHS_QUOTED_FOR_TARGET_1)",
				);
				FRAMEWORK_SEARCH_PATHS_QUOTED_FOR_TARGET_1 = "\"$(SRCROOT)/../../../libs/glut/lib/osx\"";
				GCC_DYNAMIC_NO_PIC = NO;
				GCC_ENABLE_FIX_AND_CONTINUE = YES;
				GCC_GENERATE_DEBUGGING_SYMBOLS = YES;
				GCC_MODEL_TUNING = G4;
				GCC_PRECOMPILE_PREFIX_HEADER = YES;
				GCC_PREFIX_HEADER = "$(SYSTEM_LIBRARY_DIR)/Frameworks/Carbon.framework/Headers/Carbon.h";
				INFOPLIST_FILE = "openFrameworks-Info.plist";
				INSTALL_PATH = "$(HOME)/Applications";
				LIBRARY_SEARCH_PATHS = (
					"$(inherited)",
					"$(LIBRARY_SEARCH_PATHS_QUOTED_FOR_TARGET_1)",
					"$(LIBRARY_SEARCH_PATHS_QUOTED_FOR_TARGET_2)",
					"$(LIBRARY_SEARCH_PATHS_QUOTED_FOR_TARGET_3)",
					"$(LIBRARY_SEARCH_PATHS_QUOTED_FOR_TARGET_4)",
					"$(LIBRARY_SEARCH_PATHS_QUOTED_FOR_TARGET_5)",
					"$(LIBRARY_SEARCH_PATHS_QUOTED_FOR_TARGET_6)",
					"$(LIBRARY_SEARCH_PATHS_QUOTED_FOR_TARGET_7)",
					"$(LIBRARY_SEARCH_PATHS_QUOTED_FOR_TARGET_8)",
					"$(LIBRARY_SEARCH_PATHS_QUOTED_FOR_TARGET_9)",
					"$(LIBRARY_SEARCH_PATHS_QUOTED_FOR_TARGET_10)",
					"$(LIBRARY_SEARCH_PATHS_QUOTED_FOR_TARGET_11)",
					"$(LIBRARY_SEARCH_PATHS_QUOTED_FOR_TARGET_12)",
					"$(LIBRARY_SEARCH_PATHS_QUOTED_FOR_TARGET_13)",
					"$(LIBRARY_SEARCH_PATHS_QUOTED_FOR_TARGET_14)",
					"$(LIBRARY_SEARCH_PATHS_QUOTED_FOR_TARGET_15)",
					"$(LIBRARY_SEARCH_PATHS_QUOTED_FOR_TARGET_2)",
					"$(LIBRARY_SEARCH_PATHS_QUOTED_FOR_TARGET_3)",
					"$(LIBRARY_SEARCH_PATHS_QUOTED_FOR_TARGET_7)",
					"$(LIBRARY_SEARCH_PATHS_QUOTED_FOR_TARGET_8)",
					"$(LIBRARY_SEARCH_PATHS_QUOTED_FOR_TARGET_9)",
					"$(LIBRARY_SEARCH_PATHS_QUOTED_FOR_TARGET_10)",
					"$(LIBRARY_SEARCH_PATHS_QUOTED_FOR_TARGET_11)",
					"$(LIBRARY_SEARCH_PATHS_QUOTED_FOR_TARGET_12)",
					"$(LIBRARY_SEARCH_PATHS_QUOTED_FOR_TARGET_13)",
					"$(LIBRARY_SEARCH_PATHS_QUOTED_FOR_TARGET_16)",
					"$(LIBRARY_SEARCH_PATHS_QUOTED_FOR_TARGET_17)",
					"$(LIBRARY_SEARCH_PATHS_QUOTED_FOR_TARGET_18)",
					"$(LIBRARY_SEARCH_PATHS_QUOTED_FOR_TARGET_19)",
					"$(LIBRARY_SEARCH_PATHS_QUOTED_FOR_TARGET_20)",
					"$(LIBRARY_SEARCH_PATHS_QUOTED_FOR_TARGET_21)",
					"$(LIBRARY_SEARCH_PATHS_QUOTED_FOR_TARGET_22)",
					"$(LIBRARY_SEARCH_PATHS_QUOTED_FOR_TARGET_23)",
					"$(LIBRARY_SEARCH_PATHS_QUOTED_FOR_TARGET_24)",
					"$(LIBRARY_SEARCH_PATHS_QUOTED_FOR_TARGET_25)",
					"$(LIBRARY_SEARCH_PATHS_QUOTED_FOR_TARGET_26)",
					"$(LIBRARY_SEARCH_PATHS_QUOTED_FOR_TARGET_27)",
					"$(LIBRARY_SEARCH_PATHS_QUOTED_FOR_TARGET_28)",
					"$(LIBRARY_SEARCH_PATHS_QUOTED_FOR_TARGET_29)",
					"$(LIBRARY_SEARCH_PATHS_QUOTED_FOR_TARGET_30)",
					"$(LIBRARY_SEARCH_PATHS_QUOTED_FOR_TARGET_31)",
					"$(LIBRARY_SEARCH_PATHS_QUOTED_FOR_TARGET_32)",
					"$(LIBRARY_SEARCH_PATHS_QUOTED_FOR_TARGET_33)",
					"$(LIBRARY_SEARCH_PATHS_QUOTED_FOR_TARGET_34)",
					"$(LIBRARY_SEARCH_PATHS_QUOTED_FOR_TARGET_35)",
					"$(LIBRARY_SEARCH_PATHS_QUOTED_FOR_TARGET_36)",
					"$(LIBRARY_SEARCH_PATHS_QUOTED_FOR_TARGET_37)",
					"$(LIBRARY_SEARCH_PATHS_QUOTED_FOR_TARGET_38)",
					"$(LIBRARY_SEARCH_PATHS_QUOTED_FOR_TARGET_39)",
					"$(LIBRARY_SEARCH_PATHS_QUOTED_FOR_TARGET_40)",
					"$(LIBRARY_SEARCH_PATHS_QUOTED_FOR_TARGET_41)",
					"$(LIBRARY_SEARCH_PATHS_QUOTED_FOR_TARGET_42)",
					"$(LIBRARY_SEARCH_PATHS_QUOTED_FOR_TARGET_43)",
					"$(LIBRARY_SEARCH_PATHS_QUOTED_FOR_TARGET_44)",
					"$(LIBRARY_SEARCH_PATHS_QUOTED_FOR_TARGET_45)",
					"$(LIBRARY_SEARCH_PATHS_QUOTED_FOR_TARGET_46)",
					"$(LIBRARY_SEARCH_PATHS_QUOTED_FOR_TARGET_47)",
					"$(LIBRARY_SEARCH_PATHS_QUOTED_FOR_TARGET_48)",
					"$(LIBRARY_SEARCH_PATHS_QUOTED_FOR_TARGET_49)",
					"$(LIBRARY_SEARCH_PATHS_QUOTED_FOR_TARGET_50)",
					"$(LIBRARY_SEARCH_PATHS_QUOTED_FOR_TARGET_51)",
					"$(LIBRARY_SEARCH_PATHS_QUOTED_FOR_TARGET_52)",
					"$(LIBRARY_SEARCH_PATHS_QUOTED_FOR_TARGET_1)",
					"$(LIBRARY_SEARCH_PATHS_QUOTED_FOR_TARGET_2)",
					"$(LIBRARY_SEARCH_PATHS_QUOTED_FOR_TARGET_3)",
				);
				LIBRARY_SEARCH_PATHS_QUOTED_FOR_TARGET_1 = "\"$(SRCROOT)/src/gsl/.libs\"";
				LIBRARY_SEARCH_PATHS_QUOTED_FOR_TARGET_2 = "\"$(SRCROOT)/src/gsl/libs\"";
				LIBRARY_SEARCH_PATHS_QUOTED_FOR_TARGET_3 = "\"$(SRCROOT)/../../../addons/ofxOsc/libs/oscpack/lib/osx\"";
				PREBINDING = NO;
				PRODUCT_NAME = temptTracker021Debug;
				WRAPPER_EXTENSION = app;
			};
			name = Debug;
		};
		E4B69B610A3A1757003C02F2 /* Release */ = {
			isa = XCBuildConfiguration;
			buildSettings = {
				COPY_PHASE_STRIP = YES;
				FRAMEWORK_SEARCH_PATHS = (
					"$(inherited)",
					"$(FRAMEWORK_SEARCH_PATHS_QUOTED_FOR_TARGET_1)",
				);
				FRAMEWORK_SEARCH_PATHS_QUOTED_FOR_TARGET_1 = "\"$(SRCROOT)/../../../libs/glut/lib/osx\"";
				GCC_ENABLE_FIX_AND_CONTINUE = NO;
				GCC_GENERATE_DEBUGGING_SYMBOLS = NO;
				GCC_MODEL_TUNING = G4;
				GCC_PRECOMPILE_PREFIX_HEADER = YES;
				GCC_PREFIX_HEADER = "$(SYSTEM_LIBRARY_DIR)/Frameworks/Carbon.framework/Headers/Carbon.h";
				INFOPLIST_FILE = "openFrameworks-Info.plist";
				INSTALL_PATH = "$(HOME)/Applications";
				LIBRARY_SEARCH_PATHS = (
					"$(inherited)",
					"$(LIBRARY_SEARCH_PATHS_QUOTED_FOR_TARGET_1)",
					"$(LIBRARY_SEARCH_PATHS_QUOTED_FOR_TARGET_2)",
					"$(LIBRARY_SEARCH_PATHS_QUOTED_FOR_TARGET_3)",
					"$(LIBRARY_SEARCH_PATHS_QUOTED_FOR_TARGET_4)",
					"$(LIBRARY_SEARCH_PATHS_QUOTED_FOR_TARGET_5)",
					"$(LIBRARY_SEARCH_PATHS_QUOTED_FOR_TARGET_6)",
					"$(LIBRARY_SEARCH_PATHS_QUOTED_FOR_TARGET_7)",
					"$(LIBRARY_SEARCH_PATHS_QUOTED_FOR_TARGET_8)",
					"$(LIBRARY_SEARCH_PATHS_QUOTED_FOR_TARGET_9)",
					"$(LIBRARY_SEARCH_PATHS_QUOTED_FOR_TARGET_10)",
					"$(LIBRARY_SEARCH_PATHS_QUOTED_FOR_TARGET_11)",
					"$(LIBRARY_SEARCH_PATHS_QUOTED_FOR_TARGET_12)",
					"$(LIBRARY_SEARCH_PATHS_QUOTED_FOR_TARGET_13)",
					"$(LIBRARY_SEARCH_PATHS_QUOTED_FOR_TARGET_14)",
					"$(LIBRARY_SEARCH_PATHS_QUOTED_FOR_TARGET_15)",
					"$(LIBRARY_SEARCH_PATHS_QUOTED_FOR_TARGET_2)",
					"$(LIBRARY_SEARCH_PATHS_QUOTED_1)",
					"$(LIBRARY_SEARCH_PATHS_QUOTED_FOR_TARGET_3)",
					"$(LIBRARY_SEARCH_PATHS_QUOTED_FOR_TARGET_7)",
					"$(LIBRARY_SEARCH_PATHS_QUOTED_FOR_TARGET_8)",
					"$(LIBRARY_SEARCH_PATHS_QUOTED_FOR_TARGET_9)",
					"$(LIBRARY_SEARCH_PATHS_QUOTED_FOR_TARGET_10)",
					"$(LIBRARY_SEARCH_PATHS_QUOTED_FOR_TARGET_11)",
					"$(LIBRARY_SEARCH_PATHS_QUOTED_FOR_TARGET_12)",
					"$(LIBRARY_SEARCH_PATHS_QUOTED_FOR_TARGET_13)",
					"$(LIBRARY_SEARCH_PATHS_QUOTED_FOR_TARGET_16)",
					"$(LIBRARY_SEARCH_PATHS_QUOTED_FOR_TARGET_17)",
					"$(LIBRARY_SEARCH_PATHS_QUOTED_FOR_TARGET_18)",
					"$(LIBRARY_SEARCH_PATHS_QUOTED_FOR_TARGET_19)",
					"$(LIBRARY_SEARCH_PATHS_QUOTED_FOR_TARGET_20)",
					"$(LIBRARY_SEARCH_PATHS_QUOTED_FOR_TARGET_21)",
					"$(LIBRARY_SEARCH_PATHS_QUOTED_FOR_TARGET_22)",
					"$(LIBRARY_SEARCH_PATHS_QUOTED_FOR_TARGET_23)",
					"$(LIBRARY_SEARCH_PATHS_QUOTED_FOR_TARGET_24)",
					"$(LIBRARY_SEARCH_PATHS_QUOTED_FOR_TARGET_25)",
					"$(LIBRARY_SEARCH_PATHS_QUOTED_FOR_TARGET_26)",
					"$(LIBRARY_SEARCH_PATHS_QUOTED_FOR_TARGET_27)",
					"$(LIBRARY_SEARCH_PATHS_QUOTED_FOR_TARGET_28)",
					"$(LIBRARY_SEARCH_PATHS_QUOTED_FOR_TARGET_29)",
					"$(LIBRARY_SEARCH_PATHS_QUOTED_FOR_TARGET_30)",
					"$(LIBRARY_SEARCH_PATHS_QUOTED_FOR_TARGET_31)",
					"$(LIBRARY_SEARCH_PATHS_QUOTED_FOR_TARGET_32)",
					"$(LIBRARY_SEARCH_PATHS_QUOTED_FOR_TARGET_33)",
					"$(LIBRARY_SEARCH_PATHS_QUOTED_FOR_TARGET_34)",
					"$(LIBRARY_SEARCH_PATHS_QUOTED_FOR_TARGET_35)",
					"$(LIBRARY_SEARCH_PATHS_QUOTED_FOR_TARGET_36)",
					"$(LIBRARY_SEARCH_PATHS_QUOTED_FOR_TARGET_37)",
					"$(LIBRARY_SEARCH_PATHS_QUOTED_FOR_TARGET_38)",
					"$(LIBRARY_SEARCH_PATHS_QUOTED_FOR_TARGET_39)",
					"$(LIBRARY_SEARCH_PATHS_QUOTED_FOR_TARGET_40)",
					"$(LIBRARY_SEARCH_PATHS_QUOTED_FOR_TARGET_41)",
					"$(LIBRARY_SEARCH_PATHS_QUOTED_FOR_TARGET_42)",
					"$(LIBRARY_SEARCH_PATHS_QUOTED_FOR_TARGET_43)",
					"$(LIBRARY_SEARCH_PATHS_QUOTED_FOR_TARGET_44)",
					"$(LIBRARY_SEARCH_PATHS_QUOTED_FOR_TARGET_45)",
					"$(LIBRARY_SEARCH_PATHS_QUOTED_FOR_TARGET_46)",
					"$(LIBRARY_SEARCH_PATHS_QUOTED_FOR_TARGET_47)",
					"$(LIBRARY_SEARCH_PATHS_QUOTED_FOR_TARGET_48)",
					"$(LIBRARY_SEARCH_PATHS_QUOTED_FOR_TARGET_49)",
					"$(LIBRARY_SEARCH_PATHS_QUOTED_FOR_TARGET_50)",
					"$(LIBRARY_SEARCH_PATHS_QUOTED_FOR_TARGET_51)",
					"$(LIBRARY_SEARCH_PATHS_QUOTED_FOR_TARGET_1)",
					"$(LIBRARY_SEARCH_PATHS_QUOTED_FOR_TARGET_2)",
					"$(LIBRARY_SEARCH_PATHS_QUOTED_FOR_TARGET_3)",
				);
				LIBRARY_SEARCH_PATHS_QUOTED_FOR_TARGET_1 = "\"$(SRCROOT)/src/gsl/.libs\"";
				LIBRARY_SEARCH_PATHS_QUOTED_FOR_TARGET_2 = "\"$(SRCROOT)/src/gsl/libs\"";
				LIBRARY_SEARCH_PATHS_QUOTED_FOR_TARGET_3 = "\"$(SRCROOT)/../../../addons/ofxOsc/libs/oscpack/lib/osx\"";
				PREBINDING = NO;
				PRODUCT_NAME = temptTracker021;
				WRAPPER_EXTENSION = app;
			};
			name = Release;
		};
/* End XCBuildConfiguration section */

/* Begin XCConfigurationList section */
		E4B69B4D0A3A1720003C02F2 /* Build configuration list for PBXProject "temptTracker021" */ = {
			isa = XCConfigurationList;
			buildConfigurations = (
				E4B69B4E0A3A1720003C02F2 /* Debug */,
				E4B69B4F0A3A1720003C02F2 /* Release */,
			);
			defaultConfigurationIsVisible = 0;
			defaultConfigurationName = Release;
		};
		E4B69B5F0A3A1757003C02F2 /* Build configuration list for PBXNativeTarget "temptTracker021" */ = {
			isa = XCConfigurationList;
			buildConfigurations = (
				E4B69B600A3A1757003C02F2 /* Debug */,
				E4B69B610A3A1757003C02F2 /* Release */,
			);
			defaultConfigurationIsVisible = 0;
			defaultConfigurationName = Release;
		};
/* End XCConfigurationList section */
	};
	rootObject = E4B69B4C0A3A1720003C02F2 /* Project object */;
}
